{
  "originHash" : "abf9af2e38312a945631ea6fae7b5734c4d9c892d120a36f25217714174c163d",
  "pins" : [
    {
      "identity" : "aexml",
      "kind" : "remoteSourceControl",
      "location" : "https://github.com/tadija/AEXML.git",
      "state" : {
        "revision" : "db806756c989760b35108146381535aec231092b",
        "version" : "4.7.0"
      }
    },
    {
      "identity" : "coregpx",
      "kind" : "remoteSourceControl",
      "location" : "https://github.com/vincentneo/CoreGPX",
      "state" : {
        "revision" : "42662cc9235d385bdd0356c8f4cb7b581da24e39",
        "version" : "0.9.3"
      }
    },
    {
      "identity" : "rckml",
      "kind" : "remoteSourceControl",
      "location" : "https://github.com/RCCoop/RCKML",
      "state" : {
        "revision" : "2ac6ddf511dd9bac07c7e766b5ab52a7fa980b60",
        "version" : "1.0.2"
      }
    },
    {
      "identity" : "zipfoundation",
      "kind" : "remoteSourceControl",
      "location" : "https://github.com/weichsel/ZIPFoundation.git",
      "state" : {
        "revision" : "02b6abe5f6eef7e3cbd5f247c5cc24e246efcfe0",
        "version" : "0.9.19"
      }
    }
  ],
  "version" : 3
}
