// !$*UTF8*$!
{
	archiveVersion = 1;
	classes = {
	};
	objectVersion = 56;
	objects = {

/* Begin PBXBuildFile section */
		0402C61B2A0D0C3700238C51 /* MKMultiPoint.swift in Sources */ = {isa = PBXBuildFile; fileRef = 0402C61A2A0D0C3700238C51 /* MKMultiPoint.swift */; };
		0402C61D2A0D0CF700238C51 /* Point.swift in Sources */ = {isa = PBXBuildFile; fileRef = 0402C61C2A0D0CF700238C51 /* Point.swift */; };
		0402C6252A0D10FA00238C51 /* GPXWaypoint.swift in Sources */ = {isa = PBXBuildFile; fileRef = 0402C6242A0D10FA00238C51 /* GPXWaypoint.swift */; };
		0402C6272A0D175300238C51 /* Array.swift in Sources */ = {isa = PBXBuildFile; fileRef = 0402C6262A0D175300238C51 /* Array.swift */; };
		04092CED2C378A110015EAE7 /* GeoError.swift in Sources */ = {isa = PBXBuildFile; fileRef = 04092CEC2C378A110015EAE7 /* GeoError.swift */; };
		04092CFB2C3AFD880015EAE7 /* FileRow.swift in Sources */ = {isa = PBXBuildFile; fileRef = 04092CFA2C3AFD880015EAE7 /* FileRow.swift */; };
		04092CFD2C3B00E60015EAE7 /* File.swift in Sources */ = {isa = PBXBuildFile; fileRef = 04092CFC2C3B00E60015EAE7 /* File.swift */; };
		04092D012C3B0BD10015EAE7 /* View.swift in Sources */ = {isa = PBXBuildFile; fileRef = 04092D002C3B0BD10015EAE7 /* View.swift */; };
		04092D0A2C3E03AB0015EAE7 /* Folder.swift in Sources */ = {isa = PBXBuildFile; fileRef = 04092D092C3E03AB0015EAE7 /* Folder.swift */; };
		0443D4322B9F968000018470 /* MapView.swift in Sources */ = {isa = PBXBuildFile; fileRef = 0443D4312B9F968000018470 /* MapView.swift */; };
		047BF5642A7432490022505C /* CLLocationCoordinate2D.swift in Sources */ = {isa = PBXBuildFile; fileRef = 047BF5632A7432490022505C /* CLLocationCoordinate2D.swift */; };
		049C0F75292936F600C6521A /* App.swift in Sources */ = {isa = PBXBuildFile; fileRef = 049C0F74292936F600C6521A /* App.swift */; };
		049C0F79292936F700C6521A /* Assets.xcassets in Resources */ = {isa = PBXBuildFile; fileRef = 049C0F78292936F700C6521A /* Assets.xcassets */; };
		049C0F9C292953A400C6521A /* Collection.swift in Sources */ = {isa = PBXBuildFile; fileRef = 049C0F9B292953A400C6521A /* Collection.swift */; };
		049C0FB22929BEFE00C6521A /* Haptics.swift in Sources */ = {isa = PBXBuildFile; fileRef = 049C0FB12929BEFE00C6521A /* Haptics.swift */; };
		049E167F2C00EDDE00ABB106 /* FileView.swift in Sources */ = {isa = PBXBuildFile; fileRef = 049E167E2C00EDDE00ABB106 /* FileView.swift */; };
		049E16812C00F10A00ABB106 /* UIEdgeInsets.swift in Sources */ = {isa = PBXBuildFile; fileRef = 049E16802C00F10A00ABB106 /* UIEdgeInsets.swift */; };
		04BA4C5B2B9E4A4A006AF820 /* MKPolygon.swift in Sources */ = {isa = PBXBuildFile; fileRef = 04BA4C5A2B9E4A4A006AF820 /* MKPolygon.swift */; };
		04BA4C5D2B9E4AB5006AF820 /* MKPolyline.swift in Sources */ = {isa = PBXBuildFile; fileRef = 04BA4C5C2B9E4AB5006AF820 /* MKPolyline.swift */; };
		04BA4C612B9E4FAB006AF820 /* FoldersView.swift in Sources */ = {isa = PBXBuildFile; fileRef = 04BA4C602B9E4FAB006AF820 /* FoldersView.swift */; };
		04BA4C632B9E5073006AF820 /* GeoData.swift in Sources */ = {isa = PBXBuildFile; fileRef = 04BA4C622B9E5073006AF820 /* GeoData.swift */; };
		04BA4C652B9E50D5006AF820 /* GeoParser.swift in Sources */ = {isa = PBXBuildFile; fileRef = 04BA4C642B9E50D5006AF820 /* GeoParser.swift */; };
		04BCBC2E2D5BF907002BB5E8 /* GoogleMapsUtils in Frameworks */ = {isa = PBXBuildFile; productRef = 04BCBC2D2D5BF907002BB5E8 /* GoogleMapsUtils */; };
		04BCBC322D5C0CB5002BB5E8 /* GMSPath.swift in Sources */ = {isa = PBXBuildFile; fileRef = 04BCBC312D5C0CB3002BB5E8 /* GMSPath.swift */; };
		04BCBC362D5C1ED4002BB5E8 /* GeoFileType.swift in Sources */ = {isa = PBXBuildFile; fileRef = 04BCBC352D5C1ED0002BB5E8 /* GeoFileType.swift */; };
		04BCBC382D5C28F7002BB5E8 /* Int.swift in Sources */ = {isa = PBXBuildFile; fileRef = 04BCBC372D5C28F7002BB5E8 /* Int.swift */; };
		04BCBC3C2D5C35FA002BB5E8 /* FilesView.swift in Sources */ = {isa = PBXBuildFile; fileRef = 04BCBC3B2D5C35FA002BB5E8 /* FilesView.swift */; };
		04BCBC3E2D5C364C002BB5E8 /* Model.swift in Sources */ = {isa = PBXBuildFile; fileRef = 04BCBC3D2D5C364A002BB5E8 /* Model.swift */; };
		04BCBC402D5C3B65002BB5E8 /* ImportButton.swift in Sources */ = {isa = PBXBuildFile; fileRef = 04BCBC3F2D5C3B65002BB5E8 /* ImportButton.swift */; };
		04C71FFD2A08EC8B00417249 /* CoreGPX in Frameworks */ = {isa = PBXBuildFile; productRef = 04C71FFC2A08EC8B00417249 /* CoreGPX */; };
		04F435B22D56BC2D005CA0ED /* UIColor.swift in Sources */ = {isa = PBXBuildFile; fileRef = 04F435B12D56BC2B005CA0ED /* UIColor.swift */; };
		04F435B42D56BD38005CA0ED /* Polyline.swift in Sources */ = {isa = PBXBuildFile; fileRef = 04F435B32D56BD38005CA0ED /* Polyline.swift */; };
		04F435B62D56BD56005CA0ED /* Polygon.swift in Sources */ = {isa = PBXBuildFile; fileRef = 04F435B52D56BD54005CA0ED /* Polygon.swift */; };
		04F435B82D56BDF6005CA0ED /* String.swift in Sources */ = {isa = PBXBuildFile; fileRef = 04F435B72D56BDF4005CA0ED /* String.swift */; };
/* End PBXBuildFile section */

/* Begin PBXFileReference section */
		0402C61A2A0D0C3700238C51 /* MKMultiPoint.swift */ = {isa = PBXFileReference; lastKnownFileType = sourcecode.swift; path = MKMultiPoint.swift; sourceTree = "<group>"; };
		0402C61C2A0D0CF700238C51 /* Point.swift */ = {isa = PBXFileReference; lastKnownFileType = sourcecode.swift; path = Point.swift; sourceTree = "<group>"; };
		0402C6242A0D10FA00238C51 /* GPXWaypoint.swift */ = {isa = PBXFileReference; lastKnownFileType = sourcecode.swift; path = GPXWaypoint.swift; sourceTree = "<group>"; };
		0402C6262A0D175300238C51 /* Array.swift */ = {isa = PBXFileReference; fileEncoding = 4; lastKnownFileType = sourcecode.swift; path = Array.swift; sourceTree = "<group>"; };
		04092CEC2C378A110015EAE7 /* GeoError.swift */ = {isa = PBXFileReference; lastKnownFileType = sourcecode.swift; path = GeoError.swift; sourceTree = "<group>"; };
		04092CFA2C3AFD880015EAE7 /* FileRow.swift */ = {isa = PBXFileReference; lastKnownFileType = sourcecode.swift; path = FileRow.swift; sourceTree = "<group>"; };
		04092CFC2C3B00E60015EAE7 /* File.swift */ = {isa = PBXFileReference; lastKnownFileType = sourcecode.swift; path = File.swift; sourceTree = "<group>"; };
		04092D002C3B0BD10015EAE7 /* View.swift */ = {isa = PBXFileReference; lastKnownFileType = sourcecode.swift; path = View.swift; sourceTree = "<group>"; };
		04092D092C3E03AB0015EAE7 /* Folder.swift */ = {isa = PBXFileReference; lastKnownFileType = sourcecode.swift; path = Folder.swift; sourceTree = "<group>"; };
		0443D4312B9F968000018470 /* MapView.swift */ = {isa = PBXFileReference; lastKnownFileType = sourcecode.swift; path = MapView.swift; sourceTree = "<group>"; };
		047BF5602A7405FA0022505C /* Info.plist */ = {isa = PBXFileReference; lastKnownFileType = text.plist.xml; path = Info.plist; sourceTree = "<group>"; };
		047BF5632A7432490022505C /* CLLocationCoordinate2D.swift */ = {isa = PBXFileReference; lastKnownFileType = sourcecode.swift; path = CLLocationCoordinate2D.swift; sourceTree = "<group>"; };
		049C0F71292936F600C6521A /* Geojson.app */ = {isa = PBXFileReference; explicitFileType = wrapper.application; includeInIndex = 0; path = Geojson.app; sourceTree = BUILT_PRODUCTS_DIR; };
		049C0F74292936F600C6521A /* App.swift */ = {isa = PBXFileReference; lastKnownFileType = sourcecode.swift; path = App.swift; sourceTree = "<group>"; };
		049C0F78292936F700C6521A /* Assets.xcassets */ = {isa = PBXFileReference; lastKnownFileType = folder.assetcatalog; path = Assets.xcassets; sourceTree = "<group>"; };
		049C0F9B292953A400C6521A /* Collection.swift */ = {isa = PBXFileReference; lastKnownFileType = sourcecode.swift; path = Collection.swift; sourceTree = "<group>"; };
		049C0FB12929BEFE00C6521A /* Haptics.swift */ = {isa = PBXFileReference; fileEncoding = 4; lastKnownFileType = sourcecode.swift; path = Haptics.swift; sourceTree = "<group>"; };
		049E167E2C00EDDE00ABB106 /* FileView.swift */ = {isa = PBXFileReference; lastKnownFileType = sourcecode.swift; path = FileView.swift; sourceTree = "<group>"; };
		049E16802C00F10A00ABB106 /* UIEdgeInsets.swift */ = {isa = PBXFileReference; lastKnownFileType = sourcecode.swift; path = UIEdgeInsets.swift; sourceTree = "<group>"; };
		04BA4C5A2B9E4A4A006AF820 /* MKPolygon.swift */ = {isa = PBXFileReference; lastKnownFileType = sourcecode.swift; path = MKPolygon.swift; sourceTree = "<group>"; };
		04BA4C5C2B9E4AB5006AF820 /* MKPolyline.swift */ = {isa = PBXFileReference; lastKnownFileType = sourcecode.swift; path = MKPolyline.swift; sourceTree = "<group>"; };
		04BA4C602B9E4FAB006AF820 /* FoldersView.swift */ = {isa = PBXFileReference; lastKnownFileType = sourcecode.swift; path = FoldersView.swift; sourceTree = "<group>"; };
		04BA4C622B9E5073006AF820 /* GeoData.swift */ = {isa = PBXFileReference; lastKnownFileType = sourcecode.swift; path = GeoData.swift; sourceTree = "<group>"; };
		04BA4C642B9E50D5006AF820 /* GeoParser.swift */ = {isa = PBXFileReference; lastKnownFileType = sourcecode.swift; path = GeoParser.swift; sourceTree = "<group>"; };
		04BCBC312D5C0CB3002BB5E8 /* GMSPath.swift */ = {isa = PBXFileReference; lastKnownFileType = sourcecode.swift; path = GMSPath.swift; sourceTree = "<group>"; };
		04BCBC352D5C1ED0002BB5E8 /* GeoFileType.swift */ = {isa = PBXFileReference; lastKnownFileType = sourcecode.swift; path = GeoFileType.swift; sourceTree = "<group>"; };
		04BCBC372D5C28F7002BB5E8 /* Int.swift */ = {isa = PBXFileReference; lastKnownFileType = sourcecode.swift; path = Int.swift; sourceTree = "<group>"; };
		04BCBC3B2D5C35FA002BB5E8 /* FilesView.swift */ = {isa = PBXFileReference; lastKnownFileType = sourcecode.swift; path = FilesView.swift; sourceTree = "<group>"; };
		04BCBC3D2D5C364A002BB5E8 /* Model.swift */ = {isa = PBXFileReference; lastKnownFileType = sourcecode.swift; path = Model.swift; sourceTree = "<group>"; };
		04BCBC3F2D5C3B65002BB5E8 /* ImportButton.swift */ = {isa = PBXFileReference; lastKnownFileType = sourcecode.swift; path = ImportButton.swift; sourceTree = "<group>"; };
		04F435B12D56BC2B005CA0ED /* UIColor.swift */ = {isa = PBXFileReference; lastKnownFileType = sourcecode.swift; path = UIColor.swift; sourceTree = "<group>"; };
		04F435B32D56BD38005CA0ED /* Polyline.swift */ = {isa = PBXFileReference; lastKnownFileType = sourcecode.swift; path = Polyline.swift; sourceTree = "<group>"; };
		04F435B52D56BD54005CA0ED /* Polygon.swift */ = {isa = PBXFileReference; lastKnownFileType = sourcecode.swift; path = Polygon.swift; sourceTree = "<group>"; };
		04F435B72D56BDF4005CA0ED /* String.swift */ = {isa = PBXFileReference; lastKnownFileType = sourcecode.swift; path = String.swift; sourceTree = "<group>"; };
/* End PBXFileReference section */

/* Begin PBXFrameworksBuildPhase section */
		049C0F6E292936F600C6521A /* Frameworks */ = {
			isa = PBXFrameworksBuildPhase;
			buildActionMask = 2147483647;
			files = (
				04BCBC2E2D5BF907002BB5E8 /* GoogleMapsUtils in Frameworks */,
				04C71FFD2A08EC8B00417249 /* CoreGPX in Frameworks */,
			);
			runOnlyForDeploymentPostprocessing = 0;
		};
/* End PBXFrameworksBuildPhase section */

/* Begin PBXGroup section */
		049C0F68292936F600C6521A = {
			isa = PBXGroup;
			children = (
				049C0F73292936F600C6521A /* Geojson */,
				049C0F72292936F600C6521A /* Products */,
			);
			sourceTree = "<group>";
		};
		049C0F72292936F600C6521A /* Products */ = {
			isa = PBXGroup;
			children = (
				049C0F71292936F600C6521A /* Geojson.app */,
			);
			name = Products;
			sourceTree = "<group>";
		};
		049C0F73292936F600C6521A /* Geojson */ = {
			isa = PBXGroup;
			children = (
				04C71FF12A08DCAC00417249 /* Views */,
				04C71FF22A08DCBB00417249 /* Models */,
				04A65585293D58C00084CC6A /* Helpers */,
				04A65584293D58B30084CC6A /* Extensions */,
				049C0FB5292A88B300C6521A /* Resources */,
			);
			path = Geojson;
			sourceTree = "<group>";
		};
		049C0FB5292A88B300C6521A /* Resources */ = {
			isa = PBXGroup;
			children = (
				047BF5602A7405FA0022505C /* Info.plist */,
				049C0F78292936F700C6521A /* Assets.xcassets */,
			);
			path = Resources;
			sourceTree = "<group>";
		};
		04A65584293D58B30084CC6A /* Extensions */ = {
			isa = PBXGroup;
			children = (
				04BCBC372D5C28F7002BB5E8 /* Int.swift */,
				04F435B72D56BDF4005CA0ED /* String.swift */,
				04F435B12D56BC2B005CA0ED /* UIColor.swift */,
				0402C6262A0D175300238C51 /* Array.swift */,
				049C0F9B292953A400C6521A /* Collection.swift */,
				047BF5632A7432490022505C /* CLLocationCoordinate2D.swift */,
				049E16802C00F10A00ABB106 /* UIEdgeInsets.swift */,
				0402C6242A0D10FA00238C51 /* GPXWaypoint.swift */,
				04BCBC312D5C0CB3002BB5E8 /* GMSPath.swift */,
				04BA4C5A2B9E4A4A006AF820 /* MKPolygon.swift */,
				04BA4C5C2B9E4AB5006AF820 /* MKPolyline.swift */,
				0402C61A2A0D0C3700238C51 /* MKMultiPoint.swift */,
				04092D002C3B0BD10015EAE7 /* View.swift */,
			);
			path = Extensions;
			sourceTree = "<group>";
		};
		04A65585293D58C00084CC6A /* Helpers */ = {
			isa = PBXGroup;
			children = (
				049C0FB12929BEFE00C6521A /* Haptics.swift */,
			);
			path = Helpers;
			sourceTree = "<group>";
		};
		04C71FF12A08DCAC00417249 /* Views */ = {
			isa = PBXGroup;
			children = (
				049C0F74292936F600C6521A /* App.swift */,
				04BA4C602B9E4FAB006AF820 /* FoldersView.swift */,
				04BCBC3F2D5C3B65002BB5E8 /* ImportButton.swift */,
				04BCBC3B2D5C35FA002BB5E8 /* FilesView.swift */,
				04092CFA2C3AFD880015EAE7 /* FileRow.swift */,
				049E167E2C00EDDE00ABB106 /* FileView.swift */,
				0443D4312B9F968000018470 /* MapView.swift */,
			);
			path = Views;
			sourceTree = "<group>";
		};
		04C71FF22A08DCBB00417249 /* Models */ = {
			isa = PBXGroup;
			children = (
				04BCBC3D2D5C364A002BB5E8 /* Model.swift */,
				04BA4C642B9E50D5006AF820 /* GeoParser.swift */,
				04BA4C622B9E5073006AF820 /* GeoData.swift */,
				04092CEC2C378A110015EAE7 /* GeoError.swift */,
				04BCBC352D5C1ED0002BB5E8 /* GeoFileType.swift */,
				04092CFC2C3B00E60015EAE7 /* File.swift */,
				04092D092C3E03AB0015EAE7 /* Folder.swift */,
				0402C61C2A0D0CF700238C51 /* Point.swift */,
				04F435B32D56BD38005CA0ED /* Polyline.swift */,
				04F435B52D56BD54005CA0ED /* Polygon.swift */,
			);
			path = Models;
			sourceTree = "<group>";
		};
/* End PBXGroup section */

/* Begin PBXNativeTarget section */
		049C0F70292936F600C6521A /* Geojson */ = {
			isa = PBXNativeTarget;
			buildConfigurationList = 049C0F80292936F700C6521A /* Build configuration list for PBXNativeTarget "Geojson" */;
			buildPhases = (
				049C0F6D292936F600C6521A /* Sources */,
				049C0F6E292936F600C6521A /* Frameworks */,
				049C0F6F292936F600C6521A /* Resources */,
			);
			buildRules = (
			);
			dependencies = (
			);
			name = Geojson;
			packageProductDependencies = (
				04C71FFC2A08EC8B00417249 /* CoreGPX */,
				04BCBC2D2D5BF907002BB5E8 /* GoogleMapsUtils */,
			);
			productName = Geojson;
			productReference = 049C0F71292936F600C6521A /* Geojson.app */;
			productType = "com.apple.product-type.application";
		};
/* End PBXNativeTarget section */

/* Begin PBXProject section */
		049C0F69292936F600C6521A /* Project object */ = {
			isa = PBXProject;
			attributes = {
				BuildIndependentTargetsInParallel = 1;
				LastSwiftUpdateCheck = 1410;
				LastUpgradeCheck = 1540;
				TargetAttributes = {
					049C0F70292936F600C6521A = {
						CreatedOnToolsVersion = 14.1;
					};
				};
			};
			buildConfigurationList = 049C0F6C292936F600C6521A /* Build configuration list for PBXProject "Geojson" */;
			compatibilityVersion = "Xcode 14.0";
			developmentRegion = en;
			hasScannedForEncodings = 0;
			knownRegions = (
				en,
				Base,
			);
			mainGroup = 049C0F68292936F600C6521A;
			packageReferences = (
				04C71FFB2A08EC8B00417249 /* XCRemoteSwiftPackageReference "CoreGPX" */,
				04BCBC2C2D5BF907002BB5E8 /* XCRemoteSwiftPackageReference "google-maps-ios-utils" */,
			);
			productRefGroup = 049C0F72292936F600C6521A /* Products */;
			projectDirPath = "";
			projectRoot = "";
			targets = (
				049C0F70292936F600C6521A /* Geojson */,
			);
		};
/* End PBXProject section */

/* Begin PBXResourcesBuildPhase section */
		049C0F6F292936F600C6521A /* Resources */ = {
			isa = PBXResourcesBuildPhase;
			buildActionMask = 2147483647;
			files = (
				049C0F79292936F700C6521A /* Assets.xcassets in Resources */,
			);
			runOnlyForDeploymentPostprocessing = 0;
		};
/* End PBXResourcesBuildPhase section */

/* Begin PBXSourcesBuildPhase section */
		049C0F6D292936F600C6521A /* Sources */ = {
			isa = PBXSourcesBuildPhase;
			buildActionMask = 2147483647;
			files = (
				04092D012C3B0BD10015EAE7 /* View.swift in Sources */,
				04BCBC3C2D5C35FA002BB5E8 /* FilesView.swift in Sources */,
				04092CFD2C3B00E60015EAE7 /* File.swift in Sources */,
				04BA4C632B9E5073006AF820 /* GeoData.swift in Sources */,
				0402C61D2A0D0CF700238C51 /* Point.swift in Sources */,
				049E16812C00F10A00ABB106 /* UIEdgeInsets.swift in Sources */,
				04BCBC362D5C1ED4002BB5E8 /* GeoFileType.swift in Sources */,
				04BA4C5D2B9E4AB5006AF820 /* MKPolyline.swift in Sources */,
				0443D4322B9F968000018470 /* MapView.swift in Sources */,
				0402C61B2A0D0C3700238C51 /* MKMultiPoint.swift in Sources */,
				04BCBC402D5C3B65002BB5E8 /* ImportButton.swift in Sources */,
				049E167F2C00EDDE00ABB106 /* FileView.swift in Sources */,
				049C0F75292936F600C6521A /* App.swift in Sources */,
				047BF5642A7432490022505C /* CLLocationCoordinate2D.swift in Sources */,
				04BA4C612B9E4FAB006AF820 /* FoldersView.swift in Sources */,
				04BCBC382D5C28F7002BB5E8 /* Int.swift in Sources */,
				04BA4C652B9E50D5006AF820 /* GeoParser.swift in Sources */,
				04F435B62D56BD56005CA0ED /* Polygon.swift in Sources */,
				04F435B22D56BC2D005CA0ED /* UIColor.swift in Sources */,
				04BA4C5B2B9E4A4A006AF820 /* MKPolygon.swift in Sources */,
				049C0FB22929BEFE00C6521A /* Haptics.swift in Sources */,
				0402C6272A0D175300238C51 /* Array.swift in Sources */,
				04BCBC3E2D5C364C002BB5E8 /* Model.swift in Sources */,
				049C0F9C292953A400C6521A /* Collection.swift in Sources */,
				04092CED2C378A110015EAE7 /* GeoError.swift in Sources */,
				0402C6252A0D10FA00238C51 /* GPXWaypoint.swift in Sources */,
				04F435B42D56BD38005CA0ED /* Polyline.swift in Sources */,
				04092CFB2C3AFD880015EAE7 /* FileRow.swift in Sources */,
				04F435B82D56BDF6005CA0ED /* String.swift in Sources */,
				04BCBC322D5C0CB5002BB5E8 /* GMSPath.swift in Sources */,
				04092D0A2C3E03AB0015EAE7 /* Folder.swift in Sources */,
			);
			runOnlyForDeploymentPostprocessing = 0;
		};
/* End PBXSourcesBuildPhase section */

/* Begin XCBuildConfiguration section */
		049C0F7E292936F700C6521A /* Debug */ = {
			isa = XCBuildConfiguration;
			buildSettings = {
				ALWAYS_SEARCH_USER_PATHS = NO;
				ASSETCATALOG_COMPILER_GENERATE_SWIFT_ASSET_SYMBOL_EXTENSIONS = YES;
				CLANG_ANALYZER_NONNULL = YES;
				CLANG_ANALYZER_NUMBER_OBJECT_CONVERSION = YES_AGGRESSIVE;
				CLANG_CXX_LANGUAGE_STANDARD = "gnu++20";
				CLANG_ENABLE_MODULES = YES;
				CLANG_ENABLE_OBJC_ARC = YES;
				CLANG_ENABLE_OBJC_WEAK = YES;
				CLANG_WARN_BLOCK_CAPTURE_AUTORELEASING = YES;
				CLANG_WARN_BOOL_CONVERSION = YES;
				CLANG_WARN_COMMA = YES;
				CLANG_WARN_CONSTANT_CONVERSION = YES;
				CLANG_WARN_DEPRECATED_OBJC_IMPLEMENTATIONS = YES;
				CLANG_WARN_DIRECT_OBJC_ISA_USAGE = YES_ERROR;
				CLANG_WARN_DOCUMENTATION_COMMENTS = YES;
				CLANG_WARN_EMPTY_BODY = YES;
				CLANG_WARN_ENUM_CONVERSION = YES;
				CLANG_WARN_INFINITE_RECURSION = YES;
				CLANG_WARN_INT_CONVERSION = YES;
				CLANG_WARN_NON_LITERAL_NULL_CONVERSION = YES;
				CLANG_WARN_OBJC_IMPLICIT_RETAIN_SELF = YES;
				CLANG_WARN_OBJC_LITERAL_CONVERSION = YES;
				CLANG_WARN_OBJC_ROOT_CLASS = YES_ERROR;
				CLANG_WARN_QUOTED_INCLUDE_IN_FRAMEWORK_HEADER = YES;
				CLANG_WARN_RANGE_LOOP_ANALYSIS = YES;
				CLANG_WARN_STRICT_PROTOTYPES = YES;
				CLANG_WARN_SUSPICIOUS_MOVE = YES;
				CLANG_WARN_UNGUARDED_AVAILABILITY = YES_AGGRESSIVE;
				CLANG_WARN_UNREACHABLE_CODE = YES;
				CLANG_WARN__DUPLICATE_METHOD_MATCH = YES;
				COPY_PHASE_STRIP = NO;
				DEAD_CODE_STRIPPING = YES;
				DEBUG_INFORMATION_FORMAT = dwarf;
				ENABLE_STRICT_OBJC_MSGSEND = YES;
				ENABLE_TESTABILITY = YES;
				ENABLE_USER_SCRIPT_SANDBOXING = YES;
				GCC_C_LANGUAGE_STANDARD = gnu11;
				GCC_DYNAMIC_NO_PIC = NO;
				GCC_NO_COMMON_BLOCKS = YES;
				GCC_OPTIMIZATION_LEVEL = 0;
				GCC_PREPROCESSOR_DEFINITIONS = (
					"DEBUG=1",
					"$(inherited)",
				);
				GCC_WARN_64_TO_32_BIT_CONVERSION = YES;
				GCC_WARN_ABOUT_RETURN_TYPE = YES_ERROR;
				GCC_WARN_UNDECLARED_SELECTOR = YES;
				GCC_WARN_UNINITIALIZED_AUTOS = YES_AGGRESSIVE;
				GCC_WARN_UNUSED_FUNCTION = YES;
				GCC_WARN_UNUSED_VARIABLE = YES;
				IPHONEOS_DEPLOYMENT_TARGET = 17.0;
				MTL_ENABLE_DEBUG_INFO = INCLUDE_SOURCE;
				MTL_FAST_MATH = YES;
				ONLY_ACTIVE_ARCH = YES;
				SWIFT_ACTIVE_COMPILATION_CONDITIONS = DEBUG;
				SWIFT_OPTIMIZATION_LEVEL = "-Onone";
				SWIFT_VERSION = 6.0;
			};
			name = Debug;
		};
		049C0F7F292936F700C6521A /* Release */ = {
			isa = XCBuildConfiguration;
			buildSettings = {
				ALWAYS_SEARCH_USER_PATHS = NO;
				ASSETCATALOG_COMPILER_GENERATE_SWIFT_ASSET_SYMBOL_EXTENSIONS = YES;
				CLANG_ANALYZER_NONNULL = YES;
				CLANG_ANALYZER_NUMBER_OBJECT_CONVERSION = YES_AGGRESSIVE;
				CLANG_CXX_LANGUAGE_STANDARD = "gnu++20";
				CLANG_ENABLE_MODULES = YES;
				CLANG_ENABLE_OBJC_ARC = YES;
				CLANG_ENABLE_OBJC_WEAK = YES;
				CLANG_WARN_BLOCK_CAPTURE_AUTORELEASING = YES;
				CLANG_WARN_BOOL_CONVERSION = YES;
				CLANG_WARN_COMMA = YES;
				CLANG_WARN_CONSTANT_CONVERSION = YES;
				CLANG_WARN_DEPRECATED_OBJC_IMPLEMENTATIONS = YES;
				CLANG_WARN_DIRECT_OBJC_ISA_USAGE = YES_ERROR;
				CLANG_WARN_DOCUMENTATION_COMMENTS = YES;
				CLANG_WARN_EMPTY_BODY = YES;
				CLANG_WARN_ENUM_CONVERSION = YES;
				CLANG_WARN_INFINITE_RECURSION = YES;
				CLANG_WARN_INT_CONVERSION = YES;
				CLANG_WARN_NON_LITERAL_NULL_CONVERSION = YES;
				CLANG_WARN_OBJC_IMPLICIT_RETAIN_SELF = YES;
				CLANG_WARN_OBJC_LITERAL_CONVERSION = YES;
				CLANG_WARN_OBJC_ROOT_CLASS = YES_ERROR;
				CLANG_WARN_QUOTED_INCLUDE_IN_FRAMEWORK_HEADER = YES;
				CLANG_WARN_RANGE_LOOP_ANALYSIS = YES;
				CLANG_WARN_STRICT_PROTOTYPES = YES;
				CLANG_WARN_SUSPICIOUS_MOVE = YES;
				CLANG_WARN_UNGUARDED_AVAILABILITY = YES_AGGRESSIVE;
				CLANG_WARN_UNREACHABLE_CODE = YES;
				CLANG_WARN__DUPLICATE_METHOD_MATCH = YES;
				COPY_PHASE_STRIP = NO;
				DEAD_CODE_STRIPPING = YES;
				DEBUG_INFORMATION_FORMAT = "dwarf-with-dsym";
				ENABLE_NS_ASSERTIONS = NO;
				ENABLE_STRICT_OBJC_MSGSEND = YES;
				ENABLE_USER_SCRIPT_SANDBOXING = YES;
				GCC_C_LANGUAGE_STANDARD = gnu11;
				GCC_NO_COMMON_BLOCKS = YES;
				GCC_WARN_64_TO_32_BIT_CONVERSION = YES;
				GCC_WARN_ABOUT_RETURN_TYPE = YES_ERROR;
				GCC_WARN_UNDECLARED_SELECTOR = YES;
				GCC_WARN_UNINITIALIZED_AUTOS = YES_AGGRESSIVE;
				GCC_WARN_UNUSED_FUNCTION = YES;
				GCC_WARN_UNUSED_VARIABLE = YES;
				IPHONEOS_DEPLOYMENT_TARGET = 17.0;
				MTL_ENABLE_DEBUG_INFO = NO;
				MTL_FAST_MATH = YES;
				SWIFT_COMPILATION_MODE = wholemodule;
				SWIFT_OPTIMIZATION_LEVEL = "-O";
				SWIFT_VERSION = 6.0;
			};
			name = Release;
		};
		049C0F81292936F700C6521A /* Debug */ = {
			isa = XCBuildConfiguration;
			buildSettings = {
				ASSETCATALOG_COMPILER_APPICON_NAME = AppIcon;
				ASSETCATALOG_COMPILER_GLOBAL_ACCENT_COLOR_NAME = AccentColor;
				CODE_SIGN_STYLE = Automatic;
				CURRENT_PROJECT_VERSION = 1;
				DEAD_CODE_STRIPPING = YES;
				DEVELOPMENT_ASSET_PATHS = "";
				DEVELOPMENT_TEAM = 4CQW4CFFYT;
				ENABLE_HARDENED_RUNTIME = YES;
				ENABLE_PREVIEWS = YES;
				GENERATE_INFOPLIST_FILE = YES;
				INFOPLIST_FILE = Geojson/Resources/Info.plist;
				INFOPLIST_KEY_CFBundleDisplayName = Geodata;
				INFOPLIST_KEY_LSApplicationCategoryType = "public.app-category.utilities";
				INFOPLIST_KEY_LSSupportsOpeningDocumentsInPlace = YES;
				INFOPLIST_KEY_NSLocationWhenInUseUsageDescription = "Your location is shown on the map.";
				"INFOPLIST_KEY_UIApplicationSceneManifest_Generation[sdk=iphoneos*]" = YES;
				"INFOPLIST_KEY_UIApplicationSceneManifest_Generation[sdk=iphonesimulator*]" = YES;
				"INFOPLIST_KEY_UIApplicationSupportsIndirectInputEvents[sdk=iphoneos*]" = YES;
				"INFOPLIST_KEY_UIApplicationSupportsIndirectInputEvents[sdk=iphonesimulator*]" = YES;
				"INFOPLIST_KEY_UILaunchScreen_Generation[sdk=iphoneos*]" = YES;
				"INFOPLIST_KEY_UILaunchScreen_Generation[sdk=iphonesimulator*]" = YES;
				"INFOPLIST_KEY_UIStatusBarStyle[sdk=iphoneos*]" = UIStatusBarStyleDefault;
				"INFOPLIST_KEY_UIStatusBarStyle[sdk=iphonesimulator*]" = UIStatusBarStyleDefault;
				INFOPLIST_KEY_UISupportedInterfaceOrientations = "UIInterfaceOrientationLandscapeLeft UIInterfaceOrientationLandscapeRight UIInterfaceOrientationPortrait UIInterfaceOrientationPortraitUpsideDown";
				IPHONEOS_DEPLOYMENT_TARGET = 17.0;
				LD_RUNPATH_SEARCH_PATHS = "@executable_path/Frameworks";
				"LD_RUNPATH_SEARCH_PATHS[sdk=macosx*]" = "@executable_path/../Frameworks";
				MACOSX_DEPLOYMENT_TARGET = 13.0;
				MARKETING_VERSION = 1.4;
				PRODUCT_BUNDLE_IDENTIFIER = com.jackfinnis.Geojson;
				PRODUCT_NAME = "$(TARGET_NAME)";
				SDKROOT = auto;
				SUPPORTED_PLATFORMS = "iphoneos iphonesimulator";
				SUPPORTS_MACCATALYST = NO;
				SUPPORTS_MAC_DESIGNED_FOR_IPHONE_IPAD = YES;
				SUPPORTS_XR_DESIGNED_FOR_IPHONE_IPAD = YES;
				SWIFT_EMIT_LOC_STRINGS = YES;
				SWIFT_VERSION = 6.0;
				TARGETED_DEVICE_FAMILY = "1,2";
			};
			name = Debug;
		};
		049C0F82292936F700C6521A /* Release */ = {
			isa = XCBuildConfiguration;
			buildSettings = {
				ASSETCATALOG_COMPILER_APPICON_NAME = AppIcon;
				ASSETCATALOG_COMPILER_GLOBAL_ACCENT_COLOR_NAME = AccentColor;
				CODE_SIGN_STYLE = Automatic;
				CURRENT_PROJECT_VERSION = 1;
				DEAD_CODE_STRIPPING = YES;
				DEVELOPMENT_ASSET_PATHS = "";
				DEVELOPMENT_TEAM = 4CQW4CFFYT;
				ENABLE_HARDENED_RUNTIME = YES;
				ENABLE_PREVIEWS = YES;
				GENERATE_INFOPLIST_FILE = YES;
				INFOPLIST_FILE = Geojson/Resources/Info.plist;
				INFOPLIST_KEY_CFBundleDisplayName = Geodata;
				INFOPLIST_KEY_LSApplicationCategoryType = "public.app-category.utilities";
				INFOPLIST_KEY_LSSupportsOpeningDocumentsInPlace = YES;
				INFOPLIST_KEY_NSLocationWhenInUseUsageDescription = "Your location is shown on the map.";
				"INFOPLIST_KEY_UIApplicationSceneManifest_Generation[sdk=iphoneos*]" = YES;
				"INFOPLIST_KEY_UIApplicationSceneManifest_Generation[sdk=iphonesimulator*]" = YES;
				"INFOPLIST_KEY_UIApplicationSupportsIndirectInputEvents[sdk=iphoneos*]" = YES;
				"INFOPLIST_KEY_UIApplicationSupportsIndirectInputEvents[sdk=iphonesimulator*]" = YES;
				"INFOPLIST_KEY_UILaunchScreen_Generation[sdk=iphoneos*]" = YES;
				"INFOPLIST_KEY_UILaunchScreen_Generation[sdk=iphonesimulator*]" = YES;
				"INFOPLIST_KEY_UIStatusBarStyle[sdk=iphoneos*]" = UIStatusBarStyleDefault;
				"INFOPLIST_KEY_UIStatusBarStyle[sdk=iphonesimulator*]" = UIStatusBarStyleDefault;
				INFOPLIST_KEY_UISupportedInterfaceOrientations = "UIInterfaceOrientationLandscapeLeft UIInterfaceOrientationLandscapeRight UIInterfaceOrientationPortrait UIInterfaceOrientationPortraitUpsideDown";
				IPHONEOS_DEPLOYMENT_TARGET = 17.0;
				LD_RUNPATH_SEARCH_PATHS = "@executable_path/Frameworks";
				"LD_RUNPATH_SEARCH_PATHS[sdk=macosx*]" = "@executable_path/../Frameworks";
				MACOSX_DEPLOYMENT_TARGET = 13.0;
				MARKETING_VERSION = 1.4;
				PRODUCT_BUNDLE_IDENTIFIER = com.jackfinnis.Geojson;
				PRODUCT_NAME = "$(TARGET_NAME)";
				SDKROOT = auto;
				SUPPORTED_PLATFORMS = "iphoneos iphonesimulator";
				SUPPORTS_MACCATALYST = NO;
				SUPPORTS_MAC_DESIGNED_FOR_IPHONE_IPAD = YES;
				SUPPORTS_XR_DESIGNED_FOR_IPHONE_IPAD = YES;
				SWIFT_EMIT_LOC_STRINGS = YES;
				SWIFT_VERSION = 6.0;
				TARGETED_DEVICE_FAMILY = "1,2";
			};
			name = Release;
		};
/* End XCBuildConfiguration section */

/* Begin XCConfigurationList section */
		049C0F6C292936F600C6521A /* Build configuration list for PBXProject "Geojson" */ = {
			isa = XCConfigurationList;
			buildConfigurations = (
				049C0F7E292936F700C6521A /* Debug */,
				049C0F7F292936F700C6521A /* Release */,
			);
			defaultConfigurationIsVisible = 0;
			defaultConfigurationName = Release;
		};
		049C0F80292936F700C6521A /* Build configuration list for PBXNativeTarget "Geojson" */ = {
			isa = XCConfigurationList;
			buildConfigurations = (
				049C0F81292936F700C6521A /* Debug */,
				049C0F82292936F700C6521A /* Release */,
			);
			defaultConfigurationIsVisible = 0;
			defaultConfigurationName = Release;
		};
/* End XCConfigurationList section */

/* Begin XCRemoteSwiftPackageReference section */
		04BCBC2C2D5BF907002BB5E8 /* XCRemoteSwiftPackageReference "google-maps-ios-utils" */ = {
			isa = XCRemoteSwiftPackageReference;
			repositoryURL = "https://github.com/googlemaps/google-maps-ios-utils";
			requirement = {
				kind = upToNextMajorVersion;
				minimumVersion = 6.0.0;
			};
		};
		04C71FFB2A08EC8B00417249 /* XCRemoteSwiftPackageReference "CoreGPX" */ = {
			isa = XCRemoteSwiftPackageReference;
			repositoryURL = "https://github.com/vincentneo/CoreGPX";
			requirement = {
				kind = upToNextMajorVersion;
				minimumVersion = 0.9.2;
			};
		};
/* End XCRemoteSwiftPackageReference section */

/* Begin XCSwiftPackageProductDependency section */
		04BCBC2D2D5BF907002BB5E8 /* GoogleMapsUtils */ = {
			isa = XCSwiftPackageProductDependency;
			package = 04BCBC2C2D5BF907002BB5E8 /* XCRemoteSwiftPackageReference "google-maps-ios-utils" */;
			productName = GoogleMapsUtils;
		};
		04C71FFC2A08EC8B00417249 /* CoreGPX */ = {
			isa = XCSwiftPackageProductDependency;
			package = 04C71FFB2A08EC8B00417249 /* XCRemoteSwiftPackageReference "CoreGPX" */;
			productName = CoreGPX;
		};
/* End XCSwiftPackageProductDependency section */
	};
	rootObject = 049C0F69292936F600C6521A /* Project object */;
}
