// !$*UTF8*$!
{
	archiveVersion = 1;
	classes = {
	};
	objectVersion = 56;
	objects = {

/* Begin PBXBuildFile section */
		049C0F75292936F600C6521A /* GeojsonApp.swift in Sources */ = {isa = PBXBuildFile; fileRef = 049C0F74292936F600C6521A /* GeojsonApp.swift */; };
		049C0F79292936F700C6521A /* Assets.xcassets in Resources */ = {isa = PBXBuildFile; fileRef = 049C0F78292936F700C6521A /* Assets.xcassets */; };
		049C0F8F2929384D00C6521A /* ViewModel.swift in Sources */ = {isa = PBXBuildFile; fileRef = 049C0F852929384D00C6521A /* ViewModel.swift */; };
		049C0F912929384D00C6521A /* RootView.swift in Sources */ = {isa = PBXBuildFile; fileRef = 049C0F872929384D00C6521A /* RootView.swift */; };
		049C0F932929384D00C6521A /* MapView.swift in Sources */ = {isa = PBXBuildFile; fileRef = 049C0F892929384D00C6521A /* MapView.swift */; };
		049C0F952929384D00C6521A /* FloatingButtons.swift in Sources */ = {isa = PBXBuildFile; fileRef = 049C0F8B2929384D00C6521A /* FloatingButtons.swift */; };
		049C0F9A2929415300C6521A /* Blur.swift in Sources */ = {isa = PBXBuildFile; fileRef = 049C0F992929415300C6521A /* Blur.swift */; };
		049C0F9C292953A400C6521A /* Collection.swift in Sources */ = {isa = PBXBuildFile; fileRef = 049C0F9B292953A400C6521A /* Collection.swift */; };
		049C0FA029295C0300C6521A /* WelcomeView.swift in Sources */ = {isa = PBXBuildFile; fileRef = 049C0F9E29295C0300C6521A /* WelcomeView.swift */; };
		049C0FA329295C5A00C6521A /* View.swift in Sources */ = {isa = PBXBuildFile; fileRef = 049C0FA229295C5A00C6521A /* View.swift */; };
		049C0FA52929A2D100C6521A /* Storage.swift in Sources */ = {isa = PBXBuildFile; fileRef = 049C0FA42929A2D100C6521A /* Storage.swift */; };
		049C0FAA2929B86500C6521A /* ShareView.swift in Sources */ = {isa = PBXBuildFile; fileRef = 049C0FA92929B86500C6521A /* ShareView.swift */; };
		049C0FAC2929B98E00C6521A /* Store.swift in Sources */ = {isa = PBXBuildFile; fileRef = 049C0FAB2929B98E00C6521A /* Store.swift */; };
		049C0FAE2929BC0800C6521A /* DismissCross.swift in Sources */ = {isa = PBXBuildFile; fileRef = 049C0FAD2929BC0800C6521A /* DismissCross.swift */; };
		049C0FB02929BCAD00C6521A /* DraggableBar.swift in Sources */ = {isa = PBXBuildFile; fileRef = 049C0FAF2929BCAD00C6521A /* DraggableBar.swift */; };
		049C0FB22929BEFE00C6521A /* Haptics.swift in Sources */ = {isa = PBXBuildFile; fileRef = 049C0FB12929BEFE00C6521A /* Haptics.swift */; };
		049C0FB9292A88CD00C6521A /* Starbucks.geojson in Resources */ = {isa = PBXBuildFile; fileRef = 049C0FB6292A88CD00C6521A /* Starbucks.geojson */; };
		049C0FBA292A88CD00C6521A /* ULEZ.json in Resources */ = {isa = PBXBuildFile; fileRef = 049C0FB7292A88CD00C6521A /* ULEZ.json */; };
		049C0FBB292A88CD00C6521A /* Cycle Lanes.geojson in Resources */ = {isa = PBXBuildFile; fileRef = 049C0FB8292A88CD00C6521A /* Cycle Lanes.geojson */; };
/* End PBXBuildFile section */

/* Begin PBXFileReference section */
		049C0F71292936F600C6521A /* Geojson.app */ = {isa = PBXFileReference; explicitFileType = wrapper.application; includeInIndex = 0; path = Geojson.app; sourceTree = BUILT_PRODUCTS_DIR; };
		049C0F74292936F600C6521A /* GeojsonApp.swift */ = {isa = PBXFileReference; lastKnownFileType = sourcecode.swift; path = GeojsonApp.swift; sourceTree = "<group>"; };
		049C0F78292936F700C6521A /* Assets.xcassets */ = {isa = PBXFileReference; lastKnownFileType = folder.assetcatalog; path = Assets.xcassets; sourceTree = "<group>"; };
		049C0F852929384D00C6521A /* ViewModel.swift */ = {isa = PBXFileReference; fileEncoding = 4; lastKnownFileType = sourcecode.swift; path = ViewModel.swift; sourceTree = "<group>"; };
		049C0F872929384D00C6521A /* RootView.swift */ = {isa = PBXFileReference; fileEncoding = 4; lastKnownFileType = sourcecode.swift; path = RootView.swift; sourceTree = "<group>"; };
		049C0F892929384D00C6521A /* MapView.swift */ = {isa = PBXFileReference; fileEncoding = 4; lastKnownFileType = sourcecode.swift; path = MapView.swift; sourceTree = "<group>"; };
		049C0F8B2929384D00C6521A /* FloatingButtons.swift */ = {isa = PBXFileReference; fileEncoding = 4; lastKnownFileType = sourcecode.swift; path = FloatingButtons.swift; sourceTree = "<group>"; };
		049C0F992929415300C6521A /* Blur.swift */ = {isa = PBXFileReference; fileEncoding = 4; lastKnownFileType = sourcecode.swift; path = Blur.swift; sourceTree = "<group>"; };
		049C0F9B292953A400C6521A /* Collection.swift */ = {isa = PBXFileReference; lastKnownFileType = sourcecode.swift; path = Collection.swift; sourceTree = "<group>"; };
		049C0F9E29295C0300C6521A /* WelcomeView.swift */ = {isa = PBXFileReference; fileEncoding = 4; lastKnownFileType = sourcecode.swift; path = WelcomeView.swift; sourceTree = "<group>"; };
		049C0FA229295C5A00C6521A /* View.swift */ = {isa = PBXFileReference; lastKnownFileType = sourcecode.swift; path = View.swift; sourceTree = "<group>"; };
		049C0FA42929A2D100C6521A /* Storage.swift */ = {isa = PBXFileReference; fileEncoding = 4; lastKnownFileType = sourcecode.swift; path = Storage.swift; sourceTree = "<group>"; };
		049C0FA92929B86500C6521A /* ShareView.swift */ = {isa = PBXFileReference; fileEncoding = 4; lastKnownFileType = sourcecode.swift; path = ShareView.swift; sourceTree = "<group>"; };
		049C0FAB2929B98E00C6521A /* Store.swift */ = {isa = PBXFileReference; fileEncoding = 4; lastKnownFileType = sourcecode.swift; path = Store.swift; sourceTree = "<group>"; };
		049C0FAD2929BC0800C6521A /* DismissCross.swift */ = {isa = PBXFileReference; fileEncoding = 4; lastKnownFileType = sourcecode.swift; path = DismissCross.swift; sourceTree = "<group>"; };
		049C0FAF2929BCAD00C6521A /* DraggableBar.swift */ = {isa = PBXFileReference; fileEncoding = 4; lastKnownFileType = sourcecode.swift; path = DraggableBar.swift; sourceTree = "<group>"; };
		049C0FB12929BEFE00C6521A /* Haptics.swift */ = {isa = PBXFileReference; fileEncoding = 4; lastKnownFileType = sourcecode.swift; path = Haptics.swift; sourceTree = "<group>"; };
		049C0FB6292A88CD00C6521A /* Starbucks.geojson */ = {isa = PBXFileReference; fileEncoding = 4; lastKnownFileType = text; path = Starbucks.geojson; sourceTree = "<group>"; };
		049C0FB7292A88CD00C6521A /* ULEZ.json */ = {isa = PBXFileReference; fileEncoding = 4; lastKnownFileType = text.json; path = ULEZ.json; sourceTree = "<group>"; };
		049C0FB8292A88CD00C6521A /* Cycle Lanes.geojson */ = {isa = PBXFileReference; fileEncoding = 4; lastKnownFileType = text; path = "Cycle Lanes.geojson"; sourceTree = "<group>"; };
/* End PBXFileReference section */

/* Begin PBXFrameworksBuildPhase section */
		049C0F6E292936F600C6521A /* Frameworks */ = {
			isa = PBXFrameworksBuildPhase;
			buildActionMask = 2147483647;
			files = (
			);
			runOnlyForDeploymentPostprocessing = 0;
		};
/* End PBXFrameworksBuildPhase section */

/* Begin PBXGroup section */
		049C0F68292936F600C6521A = {
			isa = PBXGroup;
			children = (
				049C0F73292936F600C6521A /* Geojson */,
				049C0F72292936F600C6521A /* Products */,
			);
			sourceTree = "<group>";
		};
		049C0F72292936F600C6521A /* Products */ = {
			isa = PBXGroup;
			children = (
				049C0F71292936F600C6521A /* Geojson.app */,
			);
			name = Products;
			sourceTree = "<group>";
		};
		049C0F73292936F600C6521A /* Geojson */ = {
			isa = PBXGroup;
			children = (
				049C0F74292936F600C6521A /* GeojsonApp.swift */,
				049C0F872929384D00C6521A /* RootView.swift */,
				049C0F892929384D00C6521A /* MapView.swift */,
				049C0F8B2929384D00C6521A /* FloatingButtons.swift */,
				049C0F852929384D00C6521A /* ViewModel.swift */,
				049C0FB5292A88B300C6521A /* Data */,
				049C0FA129295C4C00C6521A /* Extra */,
			);
			path = Geojson;
			sourceTree = "<group>";
		};
		049C0FA129295C4C00C6521A /* Extra */ = {
			isa = PBXGroup;
			children = (
				049C0F78292936F700C6521A /* Assets.xcassets */,
				049C0F9E29295C0300C6521A /* WelcomeView.swift */,
				049C0FB12929BEFE00C6521A /* Haptics.swift */,
				049C0FAD2929BC0800C6521A /* DismissCross.swift */,
				049C0FAF2929BCAD00C6521A /* DraggableBar.swift */,
				049C0FAB2929B98E00C6521A /* Store.swift */,
				049C0FA92929B86500C6521A /* ShareView.swift */,
				049C0F9B292953A400C6521A /* Collection.swift */,
				049C0FA42929A2D100C6521A /* Storage.swift */,
				049C0F992929415300C6521A /* Blur.swift */,
				049C0FA229295C5A00C6521A /* View.swift */,
			);
			path = Extra;
			sourceTree = "<group>";
		};
		049C0FB5292A88B300C6521A /* Data */ = {
			isa = PBXGroup;
			children = (
				049C0FB8292A88CD00C6521A /* Cycle Lanes.geojson */,
				049C0FB6292A88CD00C6521A /* Starbucks.geojson */,
				049C0FB7292A88CD00C6521A /* ULEZ.json */,
			);
			path = Data;
			sourceTree = "<group>";
		};
/* End PBXGroup section */

/* Begin PBXNativeTarget section */
		049C0F70292936F600C6521A /* Geojson */ = {
			isa = PBXNativeTarget;
			buildConfigurationList = 049C0F80292936F700C6521A /* Build configuration list for PBXNativeTarget "Geojson" */;
			buildPhases = (
				049C0F6D292936F600C6521A /* Sources */,
				049C0F6E292936F600C6521A /* Frameworks */,
				049C0F6F292936F600C6521A /* Resources */,
			);
			buildRules = (
			);
			dependencies = (
			);
			name = Geojson;
			productName = Geojson;
			productReference = 049C0F71292936F600C6521A /* Geojson.app */;
			productType = "com.apple.product-type.application";
		};
/* End PBXNativeTarget section */

/* Begin PBXProject section */
		049C0F69292936F600C6521A /* Project object */ = {
			isa = PBXProject;
			attributes = {
				BuildIndependentTargetsInParallel = 1;
				LastSwiftUpdateCheck = 1410;
				LastUpgradeCheck = 1410;
				TargetAttributes = {
					049C0F70292936F600C6521A = {
						CreatedOnToolsVersion = 14.1;
					};
				};
			};
			buildConfigurationList = 049C0F6C292936F600C6521A /* Build configuration list for PBXProject "Geojson" */;
			compatibilityVersion = "Xcode 14.0";
			developmentRegion = en;
			hasScannedForEncodings = 0;
			knownRegions = (
				en,
				Base,
			);
			mainGroup = 049C0F68292936F600C6521A;
			productRefGroup = 049C0F72292936F600C6521A /* Products */;
			projectDirPath = "";
			projectRoot = "";
			targets = (
				049C0F70292936F600C6521A /* Geojson */,
			);
		};
/* End PBXProject section */

/* Begin PBXResourcesBuildPhase section */
		049C0F6F292936F600C6521A /* Resources */ = {
			isa = PBXResourcesBuildPhase;
			buildActionMask = 2147483647;
			files = (
				049C0FB9292A88CD00C6521A /* Starbucks.geojson in Resources */,
				049C0FBB292A88CD00C6521A /* Cycle Lanes.geojson in Resources */,
				049C0F79292936F700C6521A /* Assets.xcassets in Resources */,
				049C0FBA292A88CD00C6521A /* ULEZ.json in Resources */,
			);
			runOnlyForDeploymentPostprocessing = 0;
		};
/* End PBXResourcesBuildPhase section */

/* Begin PBXSourcesBuildPhase section */
		049C0F6D292936F600C6521A /* Sources */ = {
			isa = PBXSourcesBuildPhase;
			buildActionMask = 2147483647;
			files = (
				049C0F9A2929415300C6521A /* Blur.swift in Sources */,
				049C0FB02929BCAD00C6521A /* DraggableBar.swift in Sources */,
				049C0F932929384D00C6521A /* MapView.swift in Sources */,
				049C0FAA2929B86500C6521A /* ShareView.swift in Sources */,
				049C0FAC2929B98E00C6521A /* Store.swift in Sources */,
				049C0F75292936F600C6521A /* GeojsonApp.swift in Sources */,
				049C0F8F2929384D00C6521A /* ViewModel.swift in Sources */,
				049C0FA029295C0300C6521A /* WelcomeView.swift in Sources */,
				049C0FA329295C5A00C6521A /* View.swift in Sources */,
				049C0FAE2929BC0800C6521A /* DismissCross.swift in Sources */,
				049C0F952929384D00C6521A /* FloatingButtons.swift in Sources */,
				049C0FA52929A2D100C6521A /* Storage.swift in Sources */,
				049C0FB22929BEFE00C6521A /* Haptics.swift in Sources */,
				049C0F9C292953A400C6521A /* Collection.swift in Sources */,
				049C0F912929384D00C6521A /* RootView.swift in Sources */,
			);
			runOnlyForDeploymentPostprocessing = 0;
		};
/* End PBXSourcesBuildPhase section */

/* Begin XCBuildConfiguration section */
		049C0F7E292936F700C6521A /* Debug */ = {
			isa = XCBuildConfiguration;
			buildSettings = {
				ALWAYS_SEARCH_USER_PATHS = NO;
				CLANG_ANALYZER_NONNULL = YES;
				CLANG_ANALYZER_NUMBER_OBJECT_CONVERSION = YES_AGGRESSIVE;
				CLANG_CXX_LANGUAGE_STANDARD = "gnu++20";
				CLANG_ENABLE_MODULES = YES;
				CLANG_ENABLE_OBJC_ARC = YES;
				CLANG_ENABLE_OBJC_WEAK = YES;
				CLANG_WARN_BLOCK_CAPTURE_AUTORELEASING = YES;
				CLANG_WARN_BOOL_CONVERSION = YES;
				CLANG_WARN_COMMA = YES;
				CLANG_WARN_CONSTANT_CONVERSION = YES;
				CLANG_WARN_DEPRECATED_OBJC_IMPLEMENTATIONS = YES;
				CLANG_WARN_DIRECT_OBJC_ISA_USAGE = YES_ERROR;
				CLANG_WARN_DOCUMENTATION_COMMENTS = YES;
				CLANG_WARN_EMPTY_BODY = YES;
				CLANG_WARN_ENUM_CONVERSION = YES;
				CLANG_WARN_INFINITE_RECURSION = YES;
				CLANG_WARN_INT_CONVERSION = YES;
				CLANG_WARN_NON_LITERAL_NULL_CONVERSION = YES;
				CLANG_WARN_OBJC_IMPLICIT_RETAIN_SELF = YES;
				CLANG_WARN_OBJC_LITERAL_CONVERSION = YES;
				CLANG_WARN_OBJC_ROOT_CLASS = YES_ERROR;
				CLANG_WARN_QUOTED_INCLUDE_IN_FRAMEWORK_HEADER = YES;
				CLANG_WARN_RANGE_LOOP_ANALYSIS = YES;
				CLANG_WARN_STRICT_PROTOTYPES = YES;
				CLANG_WARN_SUSPICIOUS_MOVE = YES;
				CLANG_WARN_UNGUARDED_AVAILABILITY = YES_AGGRESSIVE;
				CLANG_WARN_UNREACHABLE_CODE = YES;
				CLANG_WARN__DUPLICATE_METHOD_MATCH = YES;
				COPY_PHASE_STRIP = NO;
				DEBUG_INFORMATION_FORMAT = dwarf;
				ENABLE_STRICT_OBJC_MSGSEND = YES;
				ENABLE_TESTABILITY = YES;
				GCC_C_LANGUAGE_STANDARD = gnu11;
				GCC_DYNAMIC_NO_PIC = NO;
				GCC_NO_COMMON_BLOCKS = YES;
				GCC_OPTIMIZATION_LEVEL = 0;
				GCC_PREPROCESSOR_DEFINITIONS = (
					"DEBUG=1",
					"$(inherited)",
				);
				GCC_WARN_64_TO_32_BIT_CONVERSION = YES;
				GCC_WARN_ABOUT_RETURN_TYPE = YES_ERROR;
				GCC_WARN_UNDECLARED_SELECTOR = YES;
				GCC_WARN_UNINITIALIZED_AUTOS = YES_AGGRESSIVE;
				GCC_WARN_UNUSED_FUNCTION = YES;
				GCC_WARN_UNUSED_VARIABLE = YES;
				MTL_ENABLE_DEBUG_INFO = INCLUDE_SOURCE;
				MTL_FAST_MATH = YES;
				ONLY_ACTIVE_ARCH = YES;
				SWIFT_ACTIVE_COMPILATION_CONDITIONS = DEBUG;
				SWIFT_OPTIMIZATION_LEVEL = "-Onone";
			};
			name = Debug;
		};
		049C0F7F292936F700C6521A /* Release */ = {
			isa = XCBuildConfiguration;
			buildSettings = {
				ALWAYS_SEARCH_USER_PATHS = NO;
				CLANG_ANALYZER_NONNULL = YES;
				CLANG_ANALYZER_NUMBER_OBJECT_CONVERSION = YES_AGGRESSIVE;
				CLANG_CXX_LANGUAGE_STANDARD = "gnu++20";
				CLANG_ENABLE_MODULES = YES;
				CLANG_ENABLE_OBJC_ARC = YES;
				CLANG_ENABLE_OBJC_WEAK = YES;
				CLANG_WARN_BLOCK_CAPTURE_AUTORELEASING = YES;
				CLANG_WARN_BOOL_CONVERSION = YES;
				CLANG_WARN_COMMA = YES;
				CLANG_WARN_CONSTANT_CONVERSION = YES;
				CLANG_WARN_DEPRECATED_OBJC_IMPLEMENTATIONS = YES;
				CLANG_WARN_DIRECT_OBJC_ISA_USAGE = YES_ERROR;
				CLANG_WARN_DOCUMENTATION_COMMENTS = YES;
				CLANG_WARN_EMPTY_BODY = YES;
				CLANG_WARN_ENUM_CONVERSION = YES;
				CLANG_WARN_INFINITE_RECURSION = YES;
				CLANG_WARN_INT_CONVERSION = YES;
				CLANG_WARN_NON_LITERAL_NULL_CONVERSION = YES;
				CLANG_WARN_OBJC_IMPLICIT_RETAIN_SELF = YES;
				CLANG_WARN_OBJC_LITERAL_CONVERSION = YES;
				CLANG_WARN_OBJC_ROOT_CLASS = YES_ERROR;
				CLANG_WARN_QUOTED_INCLUDE_IN_FRAMEWORK_HEADER = YES;
				CLANG_WARN_RANGE_LOOP_ANALYSIS = YES;
				CLANG_WARN_STRICT_PROTOTYPES = YES;
				CLANG_WARN_SUSPICIOUS_MOVE = YES;
				CLANG_WARN_UNGUARDED_AVAILABILITY = YES_AGGRESSIVE;
				CLANG_WARN_UNREACHABLE_CODE = YES;
				CLANG_WARN__DUPLICATE_METHOD_MATCH = YES;
				COPY_PHASE_STRIP = NO;
				DEBUG_INFORMATION_FORMAT = "dwarf-with-dsym";
				ENABLE_NS_ASSERTIONS = NO;
				ENABLE_STRICT_OBJC_MSGSEND = YES;
				GCC_C_LANGUAGE_STANDARD = gnu11;
				GCC_NO_COMMON_BLOCKS = YES;
				GCC_WARN_64_TO_32_BIT_CONVERSION = YES;
				GCC_WARN_ABOUT_RETURN_TYPE = YES_ERROR;
				GCC_WARN_UNDECLARED_SELECTOR = YES;
				GCC_WARN_UNINITIALIZED_AUTOS = YES_AGGRESSIVE;
				GCC_WARN_UNUSED_FUNCTION = YES;
				GCC_WARN_UNUSED_VARIABLE = YES;
				MTL_ENABLE_DEBUG_INFO = NO;
				MTL_FAST_MATH = YES;
				SWIFT_COMPILATION_MODE = wholemodule;
				SWIFT_OPTIMIZATION_LEVEL = "-O";
			};
			name = Release;
		};
		049C0F81292936F700C6521A /* Debug */ = {
			isa = XCBuildConfiguration;
			buildSettings = {
				ASSETCATALOG_COMPILER_APPICON_NAME = AppIcon;
				ASSETCATALOG_COMPILER_GLOBAL_ACCENT_COLOR_NAME = AccentColor;
				CODE_SIGN_STYLE = Automatic;
				CURRENT_PROJECT_VERSION = 1;
				DEVELOPMENT_ASSET_PATHS = "";
				DEVELOPMENT_TEAM = 4CQW4CFFYT;
				ENABLE_HARDENED_RUNTIME = YES;
				ENABLE_PREVIEWS = YES;
				GENERATE_INFOPLIST_FILE = YES;
				INFOPLIST_KEY_CFBundleDisplayName = GeoJSON;
				INFOPLIST_KEY_NSLocationWhenInUseUsageDescription = "Your location is shown on the map.";
				"INFOPLIST_KEY_UIApplicationSceneManifest_Generation[sdk=iphoneos*]" = YES;
				"INFOPLIST_KEY_UIApplicationSceneManifest_Generation[sdk=iphonesimulator*]" = YES;
				"INFOPLIST_KEY_UIApplicationSupportsIndirectInputEvents[sdk=iphoneos*]" = YES;
				"INFOPLIST_KEY_UIApplicationSupportsIndirectInputEvents[sdk=iphonesimulator*]" = YES;
				"INFOPLIST_KEY_UILaunchScreen_Generation[sdk=iphoneos*]" = YES;
				"INFOPLIST_KEY_UILaunchScreen_Generation[sdk=iphonesimulator*]" = YES;
				"INFOPLIST_KEY_UIStatusBarStyle[sdk=iphoneos*]" = UIStatusBarStyleDefault;
				"INFOPLIST_KEY_UIStatusBarStyle[sdk=iphonesimulator*]" = UIStatusBarStyleDefault;
				INFOPLIST_KEY_UISupportedInterfaceOrientations_iPad = "UIInterfaceOrientationPortrait UIInterfaceOrientationPortraitUpsideDown UIInterfaceOrientationLandscapeLeft UIInterfaceOrientationLandscapeRight";
				INFOPLIST_KEY_UISupportedInterfaceOrientations_iPhone = "UIInterfaceOrientationPortrait UIInterfaceOrientationLandscapeLeft UIInterfaceOrientationLandscapeRight";
				IPHONEOS_DEPLOYMENT_TARGET = 15.0;
				LD_RUNPATH_SEARCH_PATHS = "@executable_path/Frameworks";
				"LD_RUNPATH_SEARCH_PATHS[sdk=macosx*]" = "@executable_path/../Frameworks";
				MACOSX_DEPLOYMENT_TARGET = 13.0;
				MARKETING_VERSION = 1.0;
				PRODUCT_BUNDLE_IDENTIFIER = com.jackfinnis.Geojson;
				PRODUCT_NAME = "$(TARGET_NAME)";
				SDKROOT = auto;
				SUPPORTED_PLATFORMS = "iphoneos iphonesimulator";
				SUPPORTS_MACCATALYST = NO;
				SUPPORTS_MAC_DESIGNED_FOR_IPHONE_IPAD = NO;
				SWIFT_EMIT_LOC_STRINGS = YES;
				SWIFT_VERSION = 5.0;
				TARGETED_DEVICE_FAMILY = "1,2";
			};
			name = Debug;
		};
		049C0F82292936F700C6521A /* Release */ = {
			isa = XCBuildConfiguration;
			buildSettings = {
				ASSETCATALOG_COMPILER_APPICON_NAME = AppIcon;
				ASSETCATALOG_COMPILER_GLOBAL_ACCENT_COLOR_NAME = AccentColor;
				CODE_SIGN_STYLE = Automatic;
				CURRENT_PROJECT_VERSION = 1;
				DEVELOPMENT_ASSET_PATHS = "";
				DEVELOPMENT_TEAM = 4CQW4CFFYT;
				ENABLE_HARDENED_RUNTIME = YES;
				ENABLE_PREVIEWS = YES;
				GENERATE_INFOPLIST_FILE = YES;
				INFOPLIST_KEY_CFBundleDisplayName = GeoJSON;
				INFOPLIST_KEY_NSLocationWhenInUseUsageDescription = "Your location is shown on the map.";
				"INFOPLIST_KEY_UIApplicationSceneManifest_Generation[sdk=iphoneos*]" = YES;
				"INFOPLIST_KEY_UIApplicationSceneManifest_Generation[sdk=iphonesimulator*]" = YES;
				"INFOPLIST_KEY_UIApplicationSupportsIndirectInputEvents[sdk=iphoneos*]" = YES;
				"INFOPLIST_KEY_UIApplicationSupportsIndirectInputEvents[sdk=iphonesimulator*]" = YES;
				"INFOPLIST_KEY_UILaunchScreen_Generation[sdk=iphoneos*]" = YES;
				"INFOPLIST_KEY_UILaunchScreen_Generation[sdk=iphonesimulator*]" = YES;
				"INFOPLIST_KEY_UIStatusBarStyle[sdk=iphoneos*]" = UIStatusBarStyleDefault;
				"INFOPLIST_KEY_UIStatusBarStyle[sdk=iphonesimulator*]" = UIStatusBarStyleDefault;
				INFOPLIST_KEY_UISupportedInterfaceOrientations_iPad = "UIInterfaceOrientationPortrait UIInterfaceOrientationPortraitUpsideDown UIInterfaceOrientationLandscapeLeft UIInterfaceOrientationLandscapeRight";
				INFOPLIST_KEY_UISupportedInterfaceOrientations_iPhone = "UIInterfaceOrientationPortrait UIInterfaceOrientationLandscapeLeft UIInterfaceOrientationLandscapeRight";
				IPHONEOS_DEPLOYMENT_TARGET = 15.0;
				LD_RUNPATH_SEARCH_PATHS = "@executable_path/Frameworks";
				"LD_RUNPATH_SEARCH_PATHS[sdk=macosx*]" = "@executable_path/../Frameworks";
				MACOSX_DEPLOYMENT_TARGET = 13.0;
				MARKETING_VERSION = 1.0;
				PRODUCT_BUNDLE_IDENTIFIER = com.jackfinnis.Geojson;
				PRODUCT_NAME = "$(TARGET_NAME)";
				SDKROOT = auto;
				SUPPORTED_PLATFORMS = "iphoneos iphonesimulator";
				SUPPORTS_MACCATALYST = NO;
				SUPPORTS_MAC_DESIGNED_FOR_IPHONE_IPAD = NO;
				SWIFT_EMIT_LOC_STRINGS = YES;
				SWIFT_VERSION = 5.0;
				TARGETED_DEVICE_FAMILY = "1,2";
			};
			name = Release;
		};
/* End XCBuildConfiguration section */

/* Begin XCConfigurationList section */
		049C0F6C292936F600C6521A /* Build configuration list for PBXProject "Geojson" */ = {
			isa = XCConfigurationList;
			buildConfigurations = (
				049C0F7E292936F700C6521A /* Debug */,
				049C0F7F292936F700C6521A /* Release */,
			);
			defaultConfigurationIsVisible = 0;
			defaultConfigurationName = Release;
		};
		049C0F80292936F700C6521A /* Build configuration list for PBXNativeTarget "Geojson" */ = {
			isa = XCConfigurationList;
			buildConfigurations = (
				049C0F81292936F700C6521A /* Debug */,
				049C0F82292936F700C6521A /* Release */,
			);
			defaultConfigurationIsVisible = 0;
			defaultConfigurationName = Release;
		};
/* End XCConfigurationList section */
	};
	rootObject = 049C0F69292936F600C6521A /* Project object */;
}
