// !$*UTF8*$!
{
	archiveVersion = 1;
	classes = {
	};
	objectVersion = 56;
	objects = {

/* Begin PBXBuildFile section */
		0402C6062A08F76B00238C51 /* GeoJSONPackage in Frameworks */ = {isa = PBXBuildFile; productRef = 0402C6052A08F76B00238C51 /* GeoJSONPackage */; };
		0402C6092A08FD4F00238C51 /* RCKML in Frameworks */ = {isa = PBXBuildFile; productRef = 0402C6082A08FD4F00238C51 /* RCKML */; };
		0402C60B2A0903C900238C51 /* KMLCoordinate.swift in Sources */ = {isa = PBXBuildFile; fileRef = 0402C60A2A0903C900238C51 /* KMLCoordinate.swift */; };
		0402C60D2A090C9000238C51 /* Shapefile.swift in Sources */ = {isa = PBXBuildFile; fileRef = 0402C60C2A090C9000238C51 /* Shapefile.swift */; };
		0402C60F2A090D0900238C51 /* BinUtils.swift in Sources */ = {isa = PBXBuildFile; fileRef = 0402C60E2A090D0900238C51 /* BinUtils.swift */; };
		0402C6142A09175100238C51 /* CGPoint.swift in Sources */ = {isa = PBXBuildFile; fileRef = 0402C6132A09175100238C51 /* CGPoint.swift */; };
		0402C6162A091EE200238C51 /* GeoShapeType.swift in Sources */ = {isa = PBXBuildFile; fileRef = 0402C6152A091EE200238C51 /* GeoShapeType.swift */; };
		040AD1DE29F4A42B00BA54E6 /* CarbonCopy.swift in Sources */ = {isa = PBXBuildFile; fileRef = 040AD1DD29F4A42B00BA54E6 /* CarbonCopy.swift */; };
		040AD1E029F4A6D800BA54E6 /* NSObject.swift in Sources */ = {isa = PBXBuildFile; fileRef = 040AD1DF29F4A6D800BA54E6 /* NSObject.swift */; };
		040AD1E229F4A84C00BA54E6 /* ImportButton.swift in Sources */ = {isa = PBXBuildFile; fileRef = 040AD1E129F4A84C00BA54E6 /* ImportButton.swift */; };
		040AD1E429F4AABD00BA54E6 /* EmailView.swift in Sources */ = {isa = PBXBuildFile; fileRef = 040AD1E329F4AABD00BA54E6 /* EmailView.swift */; };
		049C0F75292936F600C6521A /* GeojsonApp.swift in Sources */ = {isa = PBXBuildFile; fileRef = 049C0F74292936F600C6521A /* GeojsonApp.swift */; };
		049C0F79292936F700C6521A /* Assets.xcassets in Resources */ = {isa = PBXBuildFile; fileRef = 049C0F78292936F700C6521A /* Assets.xcassets */; };
		049C0F8F2929384D00C6521A /* ViewModel.swift in Sources */ = {isa = PBXBuildFile; fileRef = 049C0F852929384D00C6521A /* ViewModel.swift */; };
		049C0F912929384D00C6521A /* RootView.swift in Sources */ = {isa = PBXBuildFile; fileRef = 049C0F872929384D00C6521A /* RootView.swift */; };
		049C0F932929384D00C6521A /* MapView.swift in Sources */ = {isa = PBXBuildFile; fileRef = 049C0F892929384D00C6521A /* MapView.swift */; };
		049C0F952929384D00C6521A /* MapButtons.swift in Sources */ = {isa = PBXBuildFile; fileRef = 049C0F8B2929384D00C6521A /* MapButtons.swift */; };
		049C0F9C292953A400C6521A /* Collection.swift in Sources */ = {isa = PBXBuildFile; fileRef = 049C0F9B292953A400C6521A /* Collection.swift */; };
		049C0FA029295C0300C6521A /* InfoView.swift in Sources */ = {isa = PBXBuildFile; fileRef = 049C0F9E29295C0300C6521A /* InfoView.swift */; };
		049C0FA329295C5A00C6521A /* View.swift in Sources */ = {isa = PBXBuildFile; fileRef = 049C0FA229295C5A00C6521A /* View.swift */; };
		049C0FA52929A2D100C6521A /* Storage.swift in Sources */ = {isa = PBXBuildFile; fileRef = 049C0FA42929A2D100C6521A /* Storage.swift */; };
		049C0FAA2929B86500C6521A /* ShareView.swift in Sources */ = {isa = PBXBuildFile; fileRef = 049C0FA92929B86500C6521A /* ShareView.swift */; };
		049C0FAC2929B98E00C6521A /* Store.swift in Sources */ = {isa = PBXBuildFile; fileRef = 049C0FAB2929B98E00C6521A /* Store.swift */; };
		049C0FAE2929BC0800C6521A /* DismissCross.swift in Sources */ = {isa = PBXBuildFile; fileRef = 049C0FAD2929BC0800C6521A /* DismissCross.swift */; };
		049C0FB02929BCAD00C6521A /* DraggableTitle.swift in Sources */ = {isa = PBXBuildFile; fileRef = 049C0FAF2929BCAD00C6521A /* DraggableTitle.swift */; };
		049C0FB22929BEFE00C6521A /* Haptics.swift in Sources */ = {isa = PBXBuildFile; fileRef = 049C0FB12929BEFE00C6521A /* Haptics.swift */; };
		049C0FB9292A88CD00C6521A /* Starbucks.geojson in Resources */ = {isa = PBXBuildFile; fileRef = 049C0FB6292A88CD00C6521A /* Starbucks.geojson */; };
		049C0FBA292A88CD00C6521A /* ULEZ.json in Resources */ = {isa = PBXBuildFile; fileRef = 049C0FB7292A88CD00C6521A /* ULEZ.json */; };
		049C0FBB292A88CD00C6521A /* Cycle Lanes.geojson in Resources */ = {isa = PBXBuildFile; fileRef = 049C0FB8292A88CD00C6521A /* Cycle Lanes.geojson */; };
		04A65587293D58DC0084CC6A /* Emails.swift in Sources */ = {isa = PBXBuildFile; fileRef = 04A65586293D58DC0084CC6A /* Emails.swift */; };
		04C71FF42A08DCD100417249 /* GeoError.swift in Sources */ = {isa = PBXBuildFile; fileRef = 04C71FF32A08DCD100417249 /* GeoError.swift */; };
		04C71FF62A08DCEB00417249 /* GeoFileType.swift in Sources */ = {isa = PBXBuildFile; fileRef = 04C71FF52A08DCEB00417249 /* GeoFileType.swift */; };
		04C71FFD2A08EC8B00417249 /* CoreGPX in Frameworks */ = {isa = PBXBuildFile; productRef = 04C71FFC2A08EC8B00417249 /* CoreGPX */; };
/* End PBXBuildFile section */

/* Begin PBXFileReference section */
		0402C60A2A0903C900238C51 /* KMLCoordinate.swift */ = {isa = PBXFileReference; lastKnownFileType = sourcecode.swift; path = KMLCoordinate.swift; sourceTree = "<group>"; };
		0402C60C2A090C9000238C51 /* Shapefile.swift */ = {isa = PBXFileReference; lastKnownFileType = sourcecode.swift; path = Shapefile.swift; sourceTree = "<group>"; };
		0402C60E2A090D0900238C51 /* BinUtils.swift */ = {isa = PBXFileReference; lastKnownFileType = sourcecode.swift; path = BinUtils.swift; sourceTree = "<group>"; };
		0402C6132A09175100238C51 /* CGPoint.swift */ = {isa = PBXFileReference; lastKnownFileType = sourcecode.swift; path = CGPoint.swift; sourceTree = "<group>"; };
		0402C6152A091EE200238C51 /* GeoShapeType.swift */ = {isa = PBXFileReference; lastKnownFileType = sourcecode.swift; path = GeoShapeType.swift; sourceTree = "<group>"; };
		040AD1DD29F4A42B00BA54E6 /* CarbonCopy.swift */ = {isa = PBXFileReference; lastKnownFileType = sourcecode.swift; path = CarbonCopy.swift; sourceTree = "<group>"; };
		040AD1DF29F4A6D800BA54E6 /* NSObject.swift */ = {isa = PBXFileReference; lastKnownFileType = sourcecode.swift; path = NSObject.swift; sourceTree = "<group>"; };
		040AD1E129F4A84C00BA54E6 /* ImportButton.swift */ = {isa = PBXFileReference; lastKnownFileType = sourcecode.swift; path = ImportButton.swift; sourceTree = "<group>"; };
		040AD1E329F4AABD00BA54E6 /* EmailView.swift */ = {isa = PBXFileReference; lastKnownFileType = sourcecode.swift; path = EmailView.swift; sourceTree = "<group>"; };
		049C0F71292936F600C6521A /* Geojson.app */ = {isa = PBXFileReference; explicitFileType = wrapper.application; includeInIndex = 0; path = Geojson.app; sourceTree = BUILT_PRODUCTS_DIR; };
		049C0F74292936F600C6521A /* GeojsonApp.swift */ = {isa = PBXFileReference; lastKnownFileType = sourcecode.swift; path = GeojsonApp.swift; sourceTree = "<group>"; };
		049C0F78292936F700C6521A /* Assets.xcassets */ = {isa = PBXFileReference; lastKnownFileType = folder.assetcatalog; path = Assets.xcassets; sourceTree = "<group>"; };
		049C0F852929384D00C6521A /* ViewModel.swift */ = {isa = PBXFileReference; fileEncoding = 4; lastKnownFileType = sourcecode.swift; path = ViewModel.swift; sourceTree = "<group>"; };
		049C0F872929384D00C6521A /* RootView.swift */ = {isa = PBXFileReference; fileEncoding = 4; lastKnownFileType = sourcecode.swift; path = RootView.swift; sourceTree = "<group>"; };
		049C0F892929384D00C6521A /* MapView.swift */ = {isa = PBXFileReference; fileEncoding = 4; lastKnownFileType = sourcecode.swift; path = MapView.swift; sourceTree = "<group>"; };
		049C0F8B2929384D00C6521A /* MapButtons.swift */ = {isa = PBXFileReference; fileEncoding = 4; lastKnownFileType = sourcecode.swift; path = MapButtons.swift; sourceTree = "<group>"; };
		049C0F9B292953A400C6521A /* Collection.swift */ = {isa = PBXFileReference; lastKnownFileType = sourcecode.swift; path = Collection.swift; sourceTree = "<group>"; };
		049C0F9E29295C0300C6521A /* InfoView.swift */ = {isa = PBXFileReference; fileEncoding = 4; lastKnownFileType = sourcecode.swift; path = InfoView.swift; sourceTree = "<group>"; };
		049C0FA229295C5A00C6521A /* View.swift */ = {isa = PBXFileReference; lastKnownFileType = sourcecode.swift; path = View.swift; sourceTree = "<group>"; };
		049C0FA42929A2D100C6521A /* Storage.swift */ = {isa = PBXFileReference; fileEncoding = 4; lastKnownFileType = sourcecode.swift; path = Storage.swift; sourceTree = "<group>"; };
		049C0FA92929B86500C6521A /* ShareView.swift */ = {isa = PBXFileReference; fileEncoding = 4; lastKnownFileType = sourcecode.swift; path = ShareView.swift; sourceTree = "<group>"; };
		049C0FAB2929B98E00C6521A /* Store.swift */ = {isa = PBXFileReference; fileEncoding = 4; lastKnownFileType = sourcecode.swift; path = Store.swift; sourceTree = "<group>"; };
		049C0FAD2929BC0800C6521A /* DismissCross.swift */ = {isa = PBXFileReference; fileEncoding = 4; lastKnownFileType = sourcecode.swift; path = DismissCross.swift; sourceTree = "<group>"; };
		049C0FAF2929BCAD00C6521A /* DraggableTitle.swift */ = {isa = PBXFileReference; fileEncoding = 4; lastKnownFileType = sourcecode.swift; path = DraggableTitle.swift; sourceTree = "<group>"; };
		049C0FB12929BEFE00C6521A /* Haptics.swift */ = {isa = PBXFileReference; fileEncoding = 4; lastKnownFileType = sourcecode.swift; path = Haptics.swift; sourceTree = "<group>"; };
		049C0FB6292A88CD00C6521A /* Starbucks.geojson */ = {isa = PBXFileReference; fileEncoding = 4; lastKnownFileType = text; path = Starbucks.geojson; sourceTree = "<group>"; };
		049C0FB7292A88CD00C6521A /* ULEZ.json */ = {isa = PBXFileReference; fileEncoding = 4; lastKnownFileType = text.json; path = ULEZ.json; sourceTree = "<group>"; };
		049C0FB8292A88CD00C6521A /* Cycle Lanes.geojson */ = {isa = PBXFileReference; fileEncoding = 4; lastKnownFileType = text; path = "Cycle Lanes.geojson"; sourceTree = "<group>"; };
		04A65586293D58DC0084CC6A /* Emails.swift */ = {isa = PBXFileReference; fileEncoding = 4; lastKnownFileType = sourcecode.swift; path = Emails.swift; sourceTree = "<group>"; };
		04C71FF32A08DCD100417249 /* GeoError.swift */ = {isa = PBXFileReference; lastKnownFileType = sourcecode.swift; path = GeoError.swift; sourceTree = "<group>"; };
		04C71FF52A08DCEB00417249 /* GeoFileType.swift */ = {isa = PBXFileReference; lastKnownFileType = sourcecode.swift; path = GeoFileType.swift; sourceTree = "<group>"; };
/* End PBXFileReference section */

/* Begin PBXFrameworksBuildPhase section */
		049C0F6E292936F600C6521A /* Frameworks */ = {
			isa = PBXFrameworksBuildPhase;
			buildActionMask = 2147483647;
			files = (
				0402C6092A08FD4F00238C51 /* RCKML in Frameworks */,
				04C71FFD2A08EC8B00417249 /* CoreGPX in Frameworks */,
				0402C6062A08F76B00238C51 /* GeoJSONPackage in Frameworks */,
			);
			runOnlyForDeploymentPostprocessing = 0;
		};
/* End PBXFrameworksBuildPhase section */

/* Begin PBXGroup section */
		0402C6102A090FA400238C51 /* Shapefile */ = {
			isa = PBXGroup;
			children = (
				0402C60C2A090C9000238C51 /* Shapefile.swift */,
				0402C60E2A090D0900238C51 /* BinUtils.swift */,
			);
			path = Shapefile;
			sourceTree = "<group>";
		};
		049C0F68292936F600C6521A = {
			isa = PBXGroup;
			children = (
				049C0F73292936F600C6521A /* Geojson */,
				049C0F72292936F600C6521A /* Products */,
			);
			sourceTree = "<group>";
		};
		049C0F72292936F600C6521A /* Products */ = {
			isa = PBXGroup;
			children = (
				049C0F71292936F600C6521A /* Geojson.app */,
			);
			name = Products;
			sourceTree = "<group>";
		};
		049C0F73292936F600C6521A /* Geojson */ = {
			isa = PBXGroup;
			children = (
				049C0F74292936F600C6521A /* GeojsonApp.swift */,
				04C71FF12A08DCAC00417249 /* Views */,
				04C71FF22A08DCBB00417249 /* Models */,
				04A65585293D58C00084CC6A /* Helpers */,
				04A65584293D58B30084CC6A /* Extensions */,
				049C0FB5292A88B300C6521A /* Resources */,
			);
			path = Geojson;
			sourceTree = "<group>";
		};
		049C0FB5292A88B300C6521A /* Resources */ = {
			isa = PBXGroup;
			children = (
				049C0FB8292A88CD00C6521A /* Cycle Lanes.geojson */,
				049C0FB6292A88CD00C6521A /* Starbucks.geojson */,
				049C0FB7292A88CD00C6521A /* ULEZ.json */,
				049C0F78292936F700C6521A /* Assets.xcassets */,
			);
			path = Resources;
			sourceTree = "<group>";
		};
		04A65583293D589E0084CC6A /* Extra */ = {
			isa = PBXGroup;
			children = (
				040AD1DD29F4A42B00BA54E6 /* CarbonCopy.swift */,
				049C0FAD2929BC0800C6521A /* DismissCross.swift */,
				049C0FAF2929BCAD00C6521A /* DraggableTitle.swift */,
				049C0FA92929B86500C6521A /* ShareView.swift */,
				040AD1E329F4AABD00BA54E6 /* EmailView.swift */,
				049C0FA229295C5A00C6521A /* View.swift */,
			);
			path = Extra;
			sourceTree = "<group>";
		};
		04A65584293D58B30084CC6A /* Extensions */ = {
			isa = PBXGroup;
			children = (
				049C0F9B292953A400C6521A /* Collection.swift */,
				040AD1DF29F4A6D800BA54E6 /* NSObject.swift */,
				0402C60A2A0903C900238C51 /* KMLCoordinate.swift */,
				0402C6132A09175100238C51 /* CGPoint.swift */,
			);
			path = Extensions;
			sourceTree = "<group>";
		};
		04A65585293D58C00084CC6A /* Helpers */ = {
			isa = PBXGroup;
			children = (
				04A65586293D58DC0084CC6A /* Emails.swift */,
				049C0FB12929BEFE00C6521A /* Haptics.swift */,
				049C0FAB2929B98E00C6521A /* Store.swift */,
				049C0FA42929A2D100C6521A /* Storage.swift */,
				0402C6102A090FA400238C51 /* Shapefile */,
			);
			path = Helpers;
			sourceTree = "<group>";
		};
		04C71FF12A08DCAC00417249 /* Views */ = {
			isa = PBXGroup;
			children = (
				049C0F872929384D00C6521A /* RootView.swift */,
				049C0F892929384D00C6521A /* MapView.swift */,
				049C0F8B2929384D00C6521A /* MapButtons.swift */,
				040AD1E129F4A84C00BA54E6 /* ImportButton.swift */,
				049C0F9E29295C0300C6521A /* InfoView.swift */,
				04A65583293D589E0084CC6A /* Extra */,
			);
			path = Views;
			sourceTree = "<group>";
		};
		04C71FF22A08DCBB00417249 /* Models */ = {
			isa = PBXGroup;
			children = (
				049C0F852929384D00C6521A /* ViewModel.swift */,
				04C71FF32A08DCD100417249 /* GeoError.swift */,
				04C71FF52A08DCEB00417249 /* GeoFileType.swift */,
				0402C6152A091EE200238C51 /* GeoShapeType.swift */,
			);
			path = Models;
			sourceTree = "<group>";
		};
/* End PBXGroup section */

/* Begin PBXNativeTarget section */
		049C0F70292936F600C6521A /* Geojson */ = {
			isa = PBXNativeTarget;
			buildConfigurationList = 049C0F80292936F700C6521A /* Build configuration list for PBXNativeTarget "Geojson" */;
			buildPhases = (
				049C0F6D292936F600C6521A /* Sources */,
				049C0F6E292936F600C6521A /* Frameworks */,
				049C0F6F292936F600C6521A /* Resources */,
			);
			buildRules = (
			);
			dependencies = (
			);
			name = Geojson;
			packageProductDependencies = (
				04C71FFC2A08EC8B00417249 /* CoreGPX */,
				0402C6052A08F76B00238C51 /* GeoJSONPackage */,
				0402C6082A08FD4F00238C51 /* RCKML */,
			);
			productName = Geojson;
			productReference = 049C0F71292936F600C6521A /* Geojson.app */;
			productType = "com.apple.product-type.application";
		};
/* End PBXNativeTarget section */

/* Begin PBXProject section */
		049C0F69292936F600C6521A /* Project object */ = {
			isa = PBXProject;
			attributes = {
				BuildIndependentTargetsInParallel = 1;
				LastSwiftUpdateCheck = 1410;
				LastUpgradeCheck = 1410;
				TargetAttributes = {
					049C0F70292936F600C6521A = {
						CreatedOnToolsVersion = 14.1;
					};
				};
			};
			buildConfigurationList = 049C0F6C292936F600C6521A /* Build configuration list for PBXProject "Geojson" */;
			compatibilityVersion = "Xcode 14.0";
			developmentRegion = en;
			hasScannedForEncodings = 0;
			knownRegions = (
				en,
				Base,
			);
			mainGroup = 049C0F68292936F600C6521A;
			packageReferences = (
				04C71FFB2A08EC8B00417249 /* XCRemoteSwiftPackageReference "CoreGPX" */,
				0402C6042A08F76B00238C51 /* XCRemoteSwiftPackageReference "GeoJSONPackage" */,
				0402C6072A08FD4F00238C51 /* XCRemoteSwiftPackageReference "RCKML" */,
			);
			productRefGroup = 049C0F72292936F600C6521A /* Products */;
			projectDirPath = "";
			projectRoot = "";
			targets = (
				049C0F70292936F600C6521A /* Geojson */,
			);
		};
/* End PBXProject section */

/* Begin PBXResourcesBuildPhase section */
		049C0F6F292936F600C6521A /* Resources */ = {
			isa = PBXResourcesBuildPhase;
			buildActionMask = 2147483647;
			files = (
				049C0FB9292A88CD00C6521A /* Starbucks.geojson in Resources */,
				049C0FBB292A88CD00C6521A /* Cycle Lanes.geojson in Resources */,
				049C0F79292936F700C6521A /* Assets.xcassets in Resources */,
				049C0FBA292A88CD00C6521A /* ULEZ.json in Resources */,
			);
			runOnlyForDeploymentPostprocessing = 0;
		};
/* End PBXResourcesBuildPhase section */

/* Begin PBXSourcesBuildPhase section */
		049C0F6D292936F600C6521A /* Sources */ = {
			isa = PBXSourcesBuildPhase;
			buildActionMask = 2147483647;
			files = (
				049C0FB02929BCAD00C6521A /* DraggableTitle.swift in Sources */,
				04A65587293D58DC0084CC6A /* Emails.swift in Sources */,
				04C71FF62A08DCEB00417249 /* GeoFileType.swift in Sources */,
				04C71FF42A08DCD100417249 /* GeoError.swift in Sources */,
				049C0F932929384D00C6521A /* MapView.swift in Sources */,
				049C0FAA2929B86500C6521A /* ShareView.swift in Sources */,
				049C0FAC2929B98E00C6521A /* Store.swift in Sources */,
				049C0F75292936F600C6521A /* GeojsonApp.swift in Sources */,
				049C0F8F2929384D00C6521A /* ViewModel.swift in Sources */,
				049C0FA029295C0300C6521A /* InfoView.swift in Sources */,
				0402C60D2A090C9000238C51 /* Shapefile.swift in Sources */,
				049C0FA329295C5A00C6521A /* View.swift in Sources */,
				040AD1E429F4AABD00BA54E6 /* EmailView.swift in Sources */,
				0402C60B2A0903C900238C51 /* KMLCoordinate.swift in Sources */,
				049C0FAE2929BC0800C6521A /* DismissCross.swift in Sources */,
				040AD1DE29F4A42B00BA54E6 /* CarbonCopy.swift in Sources */,
				049C0F952929384D00C6521A /* MapButtons.swift in Sources */,
				049C0FA52929A2D100C6521A /* Storage.swift in Sources */,
				049C0FB22929BEFE00C6521A /* Haptics.swift in Sources */,
				0402C60F2A090D0900238C51 /* BinUtils.swift in Sources */,
				040AD1E229F4A84C00BA54E6 /* ImportButton.swift in Sources */,
				049C0F9C292953A400C6521A /* Collection.swift in Sources */,
				040AD1E029F4A6D800BA54E6 /* NSObject.swift in Sources */,
				0402C6162A091EE200238C51 /* GeoShapeType.swift in Sources */,
				0402C6142A09175100238C51 /* CGPoint.swift in Sources */,
				049C0F912929384D00C6521A /* RootView.swift in Sources */,
			);
			runOnlyForDeploymentPostprocessing = 0;
		};
/* End PBXSourcesBuildPhase section */

/* Begin XCBuildConfiguration section */
		049C0F7E292936F700C6521A /* Debug */ = {
			isa = XCBuildConfiguration;
			buildSettings = {
				ALWAYS_SEARCH_USER_PATHS = NO;
				CLANG_ANALYZER_NONNULL = YES;
				CLANG_ANALYZER_NUMBER_OBJECT_CONVERSION = YES_AGGRESSIVE;
				CLANG_CXX_LANGUAGE_STANDARD = "gnu++20";
				CLANG_ENABLE_MODULES = YES;
				CLANG_ENABLE_OBJC_ARC = YES;
				CLANG_ENABLE_OBJC_WEAK = YES;
				CLANG_WARN_BLOCK_CAPTURE_AUTORELEASING = YES;
				CLANG_WARN_BOOL_CONVERSION = YES;
				CLANG_WARN_COMMA = YES;
				CLANG_WARN_CONSTANT_CONVERSION = YES;
				CLANG_WARN_DEPRECATED_OBJC_IMPLEMENTATIONS = YES;
				CLANG_WARN_DIRECT_OBJC_ISA_USAGE = YES_ERROR;
				CLANG_WARN_DOCUMENTATION_COMMENTS = YES;
				CLANG_WARN_EMPTY_BODY = YES;
				CLANG_WARN_ENUM_CONVERSION = YES;
				CLANG_WARN_INFINITE_RECURSION = YES;
				CLANG_WARN_INT_CONVERSION = YES;
				CLANG_WARN_NON_LITERAL_NULL_CONVERSION = YES;
				CLANG_WARN_OBJC_IMPLICIT_RETAIN_SELF = YES;
				CLANG_WARN_OBJC_LITERAL_CONVERSION = YES;
				CLANG_WARN_OBJC_ROOT_CLASS = YES_ERROR;
				CLANG_WARN_QUOTED_INCLUDE_IN_FRAMEWORK_HEADER = YES;
				CLANG_WARN_RANGE_LOOP_ANALYSIS = YES;
				CLANG_WARN_STRICT_PROTOTYPES = YES;
				CLANG_WARN_SUSPICIOUS_MOVE = YES;
				CLANG_WARN_UNGUARDED_AVAILABILITY = YES_AGGRESSIVE;
				CLANG_WARN_UNREACHABLE_CODE = YES;
				CLANG_WARN__DUPLICATE_METHOD_MATCH = YES;
				COPY_PHASE_STRIP = NO;
				DEBUG_INFORMATION_FORMAT = dwarf;
				ENABLE_STRICT_OBJC_MSGSEND = YES;
				ENABLE_TESTABILITY = YES;
				GCC_C_LANGUAGE_STANDARD = gnu11;
				GCC_DYNAMIC_NO_PIC = NO;
				GCC_NO_COMMON_BLOCKS = YES;
				GCC_OPTIMIZATION_LEVEL = 0;
				GCC_PREPROCESSOR_DEFINITIONS = (
					"DEBUG=1",
					"$(inherited)",
				);
				GCC_WARN_64_TO_32_BIT_CONVERSION = YES;
				GCC_WARN_ABOUT_RETURN_TYPE = YES_ERROR;
				GCC_WARN_UNDECLARED_SELECTOR = YES;
				GCC_WARN_UNINITIALIZED_AUTOS = YES_AGGRESSIVE;
				GCC_WARN_UNUSED_FUNCTION = YES;
				GCC_WARN_UNUSED_VARIABLE = YES;
				MTL_ENABLE_DEBUG_INFO = INCLUDE_SOURCE;
				MTL_FAST_MATH = YES;
				ONLY_ACTIVE_ARCH = YES;
				SWIFT_ACTIVE_COMPILATION_CONDITIONS = DEBUG;
				SWIFT_OPTIMIZATION_LEVEL = "-Onone";
			};
			name = Debug;
		};
		049C0F7F292936F700C6521A /* Release */ = {
			isa = XCBuildConfiguration;
			buildSettings = {
				ALWAYS_SEARCH_USER_PATHS = NO;
				CLANG_ANALYZER_NONNULL = YES;
				CLANG_ANALYZER_NUMBER_OBJECT_CONVERSION = YES_AGGRESSIVE;
				CLANG_CXX_LANGUAGE_STANDARD = "gnu++20";
				CLANG_ENABLE_MODULES = YES;
				CLANG_ENABLE_OBJC_ARC = YES;
				CLANG_ENABLE_OBJC_WEAK = YES;
				CLANG_WARN_BLOCK_CAPTURE_AUTORELEASING = YES;
				CLANG_WARN_BOOL_CONVERSION = YES;
				CLANG_WARN_COMMA = YES;
				CLANG_WARN_CONSTANT_CONVERSION = YES;
				CLANG_WARN_DEPRECATED_OBJC_IMPLEMENTATIONS = YES;
				CLANG_WARN_DIRECT_OBJC_ISA_USAGE = YES_ERROR;
				CLANG_WARN_DOCUMENTATION_COMMENTS = YES;
				CLANG_WARN_EMPTY_BODY = YES;
				CLANG_WARN_ENUM_CONVERSION = YES;
				CLANG_WARN_INFINITE_RECURSION = YES;
				CLANG_WARN_INT_CONVERSION = YES;
				CLANG_WARN_NON_LITERAL_NULL_CONVERSION = YES;
				CLANG_WARN_OBJC_IMPLICIT_RETAIN_SELF = YES;
				CLANG_WARN_OBJC_LITERAL_CONVERSION = YES;
				CLANG_WARN_OBJC_ROOT_CLASS = YES_ERROR;
				CLANG_WARN_QUOTED_INCLUDE_IN_FRAMEWORK_HEADER = YES;
				CLANG_WARN_RANGE_LOOP_ANALYSIS = YES;
				CLANG_WARN_STRICT_PROTOTYPES = YES;
				CLANG_WARN_SUSPICIOUS_MOVE = YES;
				CLANG_WARN_UNGUARDED_AVAILABILITY = YES_AGGRESSIVE;
				CLANG_WARN_UNREACHABLE_CODE = YES;
				CLANG_WARN__DUPLICATE_METHOD_MATCH = YES;
				COPY_PHASE_STRIP = NO;
				DEBUG_INFORMATION_FORMAT = "dwarf-with-dsym";
				ENABLE_NS_ASSERTIONS = NO;
				ENABLE_STRICT_OBJC_MSGSEND = YES;
				GCC_C_LANGUAGE_STANDARD = gnu11;
				GCC_NO_COMMON_BLOCKS = YES;
				GCC_WARN_64_TO_32_BIT_CONVERSION = YES;
				GCC_WARN_ABOUT_RETURN_TYPE = YES_ERROR;
				GCC_WARN_UNDECLARED_SELECTOR = YES;
				GCC_WARN_UNINITIALIZED_AUTOS = YES_AGGRESSIVE;
				GCC_WARN_UNUSED_FUNCTION = YES;
				GCC_WARN_UNUSED_VARIABLE = YES;
				MTL_ENABLE_DEBUG_INFO = NO;
				MTL_FAST_MATH = YES;
				SWIFT_COMPILATION_MODE = wholemodule;
				SWIFT_OPTIMIZATION_LEVEL = "-O";
			};
			name = Release;
		};
		049C0F81292936F700C6521A /* Debug */ = {
			isa = XCBuildConfiguration;
			buildSettings = {
				ASSETCATALOG_COMPILER_APPICON_NAME = AppIcon;
				ASSETCATALOG_COMPILER_GLOBAL_ACCENT_COLOR_NAME = AccentColor;
				CODE_SIGN_STYLE = Automatic;
				CURRENT_PROJECT_VERSION = 1;
				DEVELOPMENT_ASSET_PATHS = "";
				DEVELOPMENT_TEAM = 4CQW4CFFYT;
				ENABLE_HARDENED_RUNTIME = YES;
				ENABLE_PREVIEWS = YES;
				GENERATE_INFOPLIST_FILE = YES;
				INFOPLIST_FILE = "";
				INFOPLIST_KEY_CFBundleDisplayName = GeoViewer;
				INFOPLIST_KEY_NSLocationWhenInUseUsageDescription = "Your location is shown on the map.";
				"INFOPLIST_KEY_UIApplicationSceneManifest_Generation[sdk=iphoneos*]" = YES;
				"INFOPLIST_KEY_UIApplicationSceneManifest_Generation[sdk=iphonesimulator*]" = YES;
				"INFOPLIST_KEY_UIApplicationSupportsIndirectInputEvents[sdk=iphoneos*]" = YES;
				"INFOPLIST_KEY_UIApplicationSupportsIndirectInputEvents[sdk=iphonesimulator*]" = YES;
				"INFOPLIST_KEY_UILaunchScreen_Generation[sdk=iphoneos*]" = YES;
				"INFOPLIST_KEY_UILaunchScreen_Generation[sdk=iphonesimulator*]" = YES;
				"INFOPLIST_KEY_UIStatusBarStyle[sdk=iphoneos*]" = UIStatusBarStyleDefault;
				"INFOPLIST_KEY_UIStatusBarStyle[sdk=iphonesimulator*]" = UIStatusBarStyleDefault;
				INFOPLIST_KEY_UISupportedInterfaceOrientations = "UIInterfaceOrientationLandscapeLeft UIInterfaceOrientationLandscapeRight UIInterfaceOrientationPortrait UIInterfaceOrientationPortraitUpsideDown";
				IPHONEOS_DEPLOYMENT_TARGET = 15.0;
				LD_RUNPATH_SEARCH_PATHS = "@executable_path/Frameworks";
				"LD_RUNPATH_SEARCH_PATHS[sdk=macosx*]" = "@executable_path/../Frameworks";
				MACOSX_DEPLOYMENT_TARGET = 13.0;
				MARKETING_VERSION = 1.2;
				PRODUCT_BUNDLE_IDENTIFIER = com.jackfinnis.Geojson;
				PRODUCT_NAME = "$(TARGET_NAME)";
				SDKROOT = auto;
				SUPPORTED_PLATFORMS = "iphoneos iphonesimulator";
				SUPPORTS_MACCATALYST = NO;
				SUPPORTS_MAC_DESIGNED_FOR_IPHONE_IPAD = NO;
				SWIFT_EMIT_LOC_STRINGS = YES;
				SWIFT_VERSION = 5.0;
				TARGETED_DEVICE_FAMILY = "1,2";
			};
			name = Debug;
		};
		049C0F82292936F700C6521A /* Release */ = {
			isa = XCBuildConfiguration;
			buildSettings = {
				ASSETCATALOG_COMPILER_APPICON_NAME = AppIcon;
				ASSETCATALOG_COMPILER_GLOBAL_ACCENT_COLOR_NAME = AccentColor;
				CODE_SIGN_STYLE = Automatic;
				CURRENT_PROJECT_VERSION = 1;
				DEVELOPMENT_ASSET_PATHS = "";
				DEVELOPMENT_TEAM = 4CQW4CFFYT;
				ENABLE_HARDENED_RUNTIME = YES;
				ENABLE_PREVIEWS = YES;
				GENERATE_INFOPLIST_FILE = YES;
				INFOPLIST_FILE = "";
				INFOPLIST_KEY_CFBundleDisplayName = GeoViewer;
				INFOPLIST_KEY_NSLocationWhenInUseUsageDescription = "Your location is shown on the map.";
				"INFOPLIST_KEY_UIApplicationSceneManifest_Generation[sdk=iphoneos*]" = YES;
				"INFOPLIST_KEY_UIApplicationSceneManifest_Generation[sdk=iphonesimulator*]" = YES;
				"INFOPLIST_KEY_UIApplicationSupportsIndirectInputEvents[sdk=iphoneos*]" = YES;
				"INFOPLIST_KEY_UIApplicationSupportsIndirectInputEvents[sdk=iphonesimulator*]" = YES;
				"INFOPLIST_KEY_UILaunchScreen_Generation[sdk=iphoneos*]" = YES;
				"INFOPLIST_KEY_UILaunchScreen_Generation[sdk=iphonesimulator*]" = YES;
				"INFOPLIST_KEY_UIStatusBarStyle[sdk=iphoneos*]" = UIStatusBarStyleDefault;
				"INFOPLIST_KEY_UIStatusBarStyle[sdk=iphonesimulator*]" = UIStatusBarStyleDefault;
				INFOPLIST_KEY_UISupportedInterfaceOrientations = "UIInterfaceOrientationLandscapeLeft UIInterfaceOrientationLandscapeRight UIInterfaceOrientationPortrait UIInterfaceOrientationPortraitUpsideDown";
				IPHONEOS_DEPLOYMENT_TARGET = 15.0;
				LD_RUNPATH_SEARCH_PATHS = "@executable_path/Frameworks";
				"LD_RUNPATH_SEARCH_PATHS[sdk=macosx*]" = "@executable_path/../Frameworks";
				MACOSX_DEPLOYMENT_TARGET = 13.0;
				MARKETING_VERSION = 1.2;
				PRODUCT_BUNDLE_IDENTIFIER = com.jackfinnis.Geojson;
				PRODUCT_NAME = "$(TARGET_NAME)";
				SDKROOT = auto;
				SUPPORTED_PLATFORMS = "iphoneos iphonesimulator";
				SUPPORTS_MACCATALYST = NO;
				SUPPORTS_MAC_DESIGNED_FOR_IPHONE_IPAD = NO;
				SWIFT_EMIT_LOC_STRINGS = YES;
				SWIFT_VERSION = 5.0;
				TARGETED_DEVICE_FAMILY = "1,2";
			};
			name = Release;
		};
/* End XCBuildConfiguration section */

/* Begin XCConfigurationList section */
		049C0F6C292936F600C6521A /* Build configuration list for PBXProject "Geojson" */ = {
			isa = XCConfigurationList;
			buildConfigurations = (
				049C0F7E292936F700C6521A /* Debug */,
				049C0F7F292936F700C6521A /* Release */,
			);
			defaultConfigurationIsVisible = 0;
			defaultConfigurationName = Release;
		};
		049C0F80292936F700C6521A /* Build configuration list for PBXNativeTarget "Geojson" */ = {
			isa = XCConfigurationList;
			buildConfigurations = (
				049C0F81292936F700C6521A /* Debug */,
				049C0F82292936F700C6521A /* Release */,
			);
			defaultConfigurationIsVisible = 0;
			defaultConfigurationName = Release;
		};
/* End XCConfigurationList section */

/* Begin XCRemoteSwiftPackageReference section */
		0402C6042A08F76B00238C51 /* XCRemoteSwiftPackageReference "GeoJSONPackage" */ = {
			isa = XCRemoteSwiftPackageReference;
			repositoryURL = "https://github.com/JackFinnis/GeoJSONPackage";
			requirement = {
				branch = main;
				kind = branch;
			};
		};
		0402C6072A08FD4F00238C51 /* XCRemoteSwiftPackageReference "RCKML" */ = {
			isa = XCRemoteSwiftPackageReference;
			repositoryURL = "https://github.com/RCCoop/RCKML";
			requirement = {
				kind = upToNextMajorVersion;
				minimumVersion = 1.0.0;
			};
		};
		04C71FFB2A08EC8B00417249 /* XCRemoteSwiftPackageReference "CoreGPX" */ = {
			isa = XCRemoteSwiftPackageReference;
			repositoryURL = "https://github.com/vincentneo/CoreGPX";
			requirement = {
				kind = upToNextMajorVersion;
				minimumVersion = 0.9.2;
			};
		};
/* End XCRemoteSwiftPackageReference section */

/* Begin XCSwiftPackageProductDependency section */
		0402C6052A08F76B00238C51 /* GeoJSONPackage */ = {
			isa = XCSwiftPackageProductDependency;
			package = 0402C6042A08F76B00238C51 /* XCRemoteSwiftPackageReference "GeoJSONPackage" */;
			productName = GeoJSONPackage;
		};
		0402C6082A08FD4F00238C51 /* RCKML */ = {
			isa = XCSwiftPackageProductDependency;
			package = 0402C6072A08FD4F00238C51 /* XCRemoteSwiftPackageReference "RCKML" */;
			productName = RCKML;
		};
		04C71FFC2A08EC8B00417249 /* CoreGPX */ = {
			isa = XCSwiftPackageProductDependency;
			package = 04C71FFB2A08EC8B00417249 /* XCRemoteSwiftPackageReference "CoreGPX" */;
			productName = CoreGPX;
		};
/* End XCSwiftPackageProductDependency section */
	};
	rootObject = 049C0F69292936F600C6521A /* Project object */;
}
